
Microsoft Visual Studio Solution File, Format Version 12.00
# Visual Studio Version 17
VisualStudioVersion = 17
MinimumVisualStudioVersion = 10.0.40219.1
Project("{8BC9CEB8-8B4A-11D0-8D11-00A0C91BC942}") = "Engine", "Engine\Engine.vcxproj", "{F08D83DC-D5D1-469D-BA01-BEAA593596CF}"
	ProjectSection(ProjectDependencies) = postProject
		{3F6A7D22-1E7C-4708-A88B-676674AFCA7A} = {3F6A7D22-1E7C-4708-A88B-676674AFCA7A}
	EndProjectSection
EndProject
Project("{2150E333-8FDC-42A3-9474-1A3956D46DE8}") = "External", "External", "{DF60F810-B0E9-4351-9E38-EE3FE836C33C}"
EndProject
Project("{8BC9CEB8-8B4A-11D0-8D11-00A0C91BC942}") = "Assimp", "External\Assimp\Assimp.vcxproj", "{3F6A7D22-1E7C-4708-A88B-676674AFCA7A}"
	ProjectSection(ProjectDependencies) = postProject
		{843F284E-7382-4E28-9597-027F8145D55A} = {843F284E-7382-4E28-9597-027F8145D55A}
		{8BCD93F2-BE7E-48E0-9C7C-82E0640C1712} = {8BCD93F2-BE7E-48E0-9C7C-82E0640C1712}
	EndProjectSection
EndProject
Project("{8BC9CEB8-8B4A-11D0-8D11-00A0C91BC942}") = "Zlib", "External\Zlib\Zlib.vcxproj", "{8BCD93F2-BE7E-48E0-9C7C-82E0640C1712}"
EndProject
Project("{8BC9CEB8-8B4A-11D0-8D11-00A0C91BC942}") = "IrrXML", "External\IrrXML\IrrXML.vcxproj", "{843F284E-7382-4E28-9597-027F8145D55A}"
EndProject
Project("{8BC9CEB8-8B4A-11D0-8D11-00A0C91BC942}") = "Bullet", "External\Bullet\Bullet.vcxproj", "{62666E6C-3F33-45A2-88A6-7A4DAC19E439}"
EndProject
Project("{8BC9CEB8-8B4A-11D0-8D11-00A0C91BC942}") = "Lua", "External\Lua\Lua.vcxproj", "{76B204C0-0490-46FA-AD50-8030F398A5BA}"
EndProject
Project("{8BC9CEB8-8B4A-11D0-8D11-00A0C91BC942}") = "Standalone", "Standalone\Standalone.vcxproj", "{B306753D-ADF6-4D8C-ACE7-C8AF2F909565}"
EndProject
Project("{8BC9CEB8-8B4A-11D0-8D11-00A0C91BC942}") = "Vorbis", "External\Vorbis\Vorbis.vcxproj", "{9CC47ACB-DFDE-4FDA-ADAE-CE660F8DD450}"
EndProject
Project("{8BC9CEB8-8B4A-11D0-8D11-00A0C91BC942}") = "LuaSocket", "External\LuaSocket\LuaSocket.vcxproj", "{DF4F0435-E38D-465D-9BAD-1382FE0E2624}"
EndProject
Global
	GlobalSection(SolutionConfigurationPlatforms) = preSolution
		Debug|Android-arm64-v8a = Debug|Android-arm64-v8a
		Debug|x64 = Debug|x64
		Debug|x86 = Debug|x86
		DebugEditor|Android-arm64-v8a = DebugEditor|Android-arm64-v8a
		DebugEditor|x64 = DebugEditor|x64
		DebugEditor|x86 = DebugEditor|x86
		Release|Android-arm64-v8a = Release|Android-arm64-v8a
		Release|x64 = Release|x64
		Release|x86 = Release|x86
		ReleaseEditor|Android-arm64-v8a = ReleaseEditor|Android-arm64-v8a
		ReleaseEditor|x64 = ReleaseEditor|x64
		ReleaseEditor|x86 = ReleaseEditor|x86
		ReleaseSteam|Android-arm64-v8a = ReleaseSteam|Android-arm64-v8a
		ReleaseSteam|x64 = ReleaseSteam|x64
		ReleaseSteam|x86 = ReleaseSteam|x86
	EndGlobalSection
	GlobalSection(ProjectConfigurationPlatforms) = postSolution
		{F08D83DC-D5D1-469D-BA01-BEAA593596CF}.Debug|Android-arm64-v8a.ActiveCfg = Debug|Android-arm64-v8a
		{F08D83DC-D5D1-469D-BA01-BEAA593596CF}.Debug|Android-arm64-v8a.Build.0 = Debug|Android-arm64-v8a
		{F08D83DC-D5D1-469D-BA01-BEAA593596CF}.Debug|x64.ActiveCfg = Debug|x64
		{F08D83DC-D5D1-469D-BA01-BEAA593596CF}.Debug|x64.Build.0 = Debug|x64
		{F08D83DC-D5D1-469D-BA01-BEAA593596CF}.Debug|x86.ActiveCfg = Debug|Win32
		{F08D83DC-D5D1-469D-BA01-BEAA593596CF}.Debug|x86.Build.0 = Debug|Win32
		{F08D83DC-D5D1-469D-BA01-BEAA593596CF}.DebugEditor|Android-arm64-v8a.ActiveCfg = DebugEditor|Android-arm64-v8a
		{F08D83DC-D5D1-469D-BA01-BEAA593596CF}.DebugEditor|Android-arm64-v8a.Build.0 = DebugEditor|Android-arm64-v8a
		{F08D83DC-D5D1-469D-BA01-BEAA593596CF}.DebugEditor|x64.ActiveCfg = DebugEditor|x64
		{F08D83DC-D5D1-469D-BA01-BEAA593596CF}.DebugEditor|x64.Build.0 = DebugEditor|x64
		{F08D83DC-D5D1-469D-BA01-BEAA593596CF}.DebugEditor|x86.ActiveCfg = DebugEditor|Win32
		{F08D83DC-D5D1-469D-BA01-BEAA593596CF}.DebugEditor|x86.Build.0 = DebugEditor|Win32
		{F08D83DC-D5D1-469D-BA01-BEAA593596CF}.Release|Android-arm64-v8a.ActiveCfg = Release|Android-arm64-v8a
		{F08D83DC-D5D1-469D-BA01-BEAA593596CF}.Release|Android-arm64-v8a.Build.0 = Release|Android-arm64-v8a
		{F08D83DC-D5D1-469D-BA01-BEAA593596CF}.Release|x64.ActiveCfg = Release|x64
		{F08D83DC-D5D1-469D-BA01-BEAA593596CF}.Release|x64.Build.0 = Release|x64
		{F08D83DC-D5D1-469D-BA01-BEAA593596CF}.Release|x86.ActiveCfg = Release|Win32
		{F08D83DC-D5D1-469D-BA01-BEAA593596CF}.Release|x86.Build.0 = Release|Win32
		{F08D83DC-D5D1-469D-BA01-BEAA593596CF}.ReleaseEditor|Android-arm64-v8a.ActiveCfg = ReleaseEditor|Android-arm64-v8a
		{F08D83DC-D5D1-469D-BA01-BEAA593596CF}.ReleaseEditor|Android-arm64-v8a.Build.0 = ReleaseEditor|Android-arm64-v8a
		{F08D83DC-D5D1-469D-BA01-BEAA593596CF}.ReleaseEditor|x64.ActiveCfg = ReleaseEditor|x64
		{F08D83DC-D5D1-469D-BA01-BEAA593596CF}.ReleaseEditor|x64.Build.0 = ReleaseEditor|x64
		{F08D83DC-D5D1-469D-BA01-BEAA593596CF}.ReleaseEditor|x86.ActiveCfg = ReleaseEditor|Win32
		{F08D83DC-D5D1-469D-BA01-BEAA593596CF}.ReleaseEditor|x86.Build.0 = ReleaseEditor|Win32
		{F08D83DC-D5D1-469D-BA01-BEAA593596CF}.ReleaseSteam|Android-arm64-v8a.ActiveCfg = Release|Android-arm64-v8a
		{F08D83DC-D5D1-469D-BA01-BEAA593596CF}.ReleaseSteam|Android-arm64-v8a.Build.0 = Release|Android-arm64-v8a
		{F08D83DC-D5D1-469D-BA01-BEAA593596CF}.ReleaseSteam|x64.ActiveCfg = ReleaseSteam|x64
		{F08D83DC-D5D1-469D-BA01-BEAA593596CF}.ReleaseSteam|x64.Build.0 = ReleaseSteam|x64
		{F08D83DC-D5D1-469D-BA01-BEAA593596CF}.ReleaseSteam|x86.ActiveCfg = Release|Win32
		{F08D83DC-D5D1-469D-BA01-BEAA593596CF}.ReleaseSteam|x86.Build.0 = Release|Win32
		{3F6A7D22-1E7C-4708-A88B-676674AFCA7A}.Debug|Android-arm64-v8a.ActiveCfg = Debug|Android-arm64-v8a
		{3F6A7D22-1E7C-4708-A88B-676674AFCA7A}.Debug|Android-arm64-v8a.Build.0 = Debug|Android-arm64-v8a
		{3F6A7D22-1E7C-4708-A88B-676674AFCA7A}.Debug|x64.ActiveCfg = Debug|x64
		{3F6A7D22-1E7C-4708-A88B-676674AFCA7A}.Debug|x64.Build.0 = Debug|x64
		{3F6A7D22-1E7C-4708-A88B-676674AFCA7A}.Debug|x86.ActiveCfg = Debug|Win32
		{3F6A7D22-1E7C-4708-A88B-676674AFCA7A}.Debug|x86.Build.0 = Debug|Win32
		{3F6A7D22-1E7C-4708-A88B-676674AFCA7A}.DebugEditor|Android-arm64-v8a.ActiveCfg = DebugEditor|Android-arm64-v8a
		{3F6A7D22-1E7C-4708-A88B-676674AFCA7A}.DebugEditor|Android-arm64-v8a.Build.0 = DebugEditor|Android-arm64-v8a
		{3F6A7D22-1E7C-4708-A88B-676674AFCA7A}.DebugEditor|x64.ActiveCfg = DebugEditor|x64
		{3F6A7D22-1E7C-4708-A88B-676674AFCA7A}.DebugEditor|x64.Build.0 = DebugEditor|x64
		{3F6A7D22-1E7C-4708-A88B-676674AFCA7A}.DebugEditor|x86.ActiveCfg = DebugEditor|Win32
		{3F6A7D22-1E7C-4708-A88B-676674AFCA7A}.DebugEditor|x86.Build.0 = DebugEditor|Win32
		{3F6A7D22-1E7C-4708-A88B-676674AFCA7A}.Release|Android-arm64-v8a.ActiveCfg = Release|Android-arm64-v8a
		{3F6A7D22-1E7C-4708-A88B-676674AFCA7A}.Release|Android-arm64-v8a.Build.0 = Release|Android-arm64-v8a
		{3F6A7D22-1E7C-4708-A88B-676674AFCA7A}.Release|x64.ActiveCfg = Release|x64
		{3F6A7D22-1E7C-4708-A88B-676674AFCA7A}.Release|x64.Build.0 = Release|x64
		{3F6A7D22-1E7C-4708-A88B-676674AFCA7A}.Release|x86.ActiveCfg = Release|Win32
		{3F6A7D22-1E7C-4708-A88B-676674AFCA7A}.Release|x86.Build.0 = Release|Win32
		{3F6A7D22-1E7C-4708-A88B-676674AFCA7A}.ReleaseEditor|Android-arm64-v8a.ActiveCfg = ReleaseEditor|Android-arm64-v8a
		{3F6A7D22-1E7C-4708-A88B-676674AFCA7A}.ReleaseEditor|Android-arm64-v8a.Build.0 = ReleaseEditor|Android-arm64-v8a
		{3F6A7D22-1E7C-4708-A88B-676674AFCA7A}.ReleaseEditor|x64.ActiveCfg = ReleaseEditor|x64
		{3F6A7D22-1E7C-4708-A88B-676674AFCA7A}.ReleaseEditor|x64.Build.0 = ReleaseEditor|x64
		{3F6A7D22-1E7C-4708-A88B-676674AFCA7A}.ReleaseEditor|x86.ActiveCfg = ReleaseEditor|Win32
		{3F6A7D22-1E7C-4708-A88B-676674AFCA7A}.ReleaseEditor|x86.Build.0 = ReleaseEditor|Win32
		{3F6A7D22-1E7C-4708-A88B-676674AFCA7A}.ReleaseSteam|Android-arm64-v8a.ActiveCfg = Release|Android-arm64-v8a
		{3F6A7D22-1E7C-4708-A88B-676674AFCA7A}.ReleaseSteam|Android-arm64-v8a.Build.0 = Release|Android-arm64-v8a
		{3F6A7D22-1E7C-4708-A88B-676674AFCA7A}.ReleaseSteam|x64.ActiveCfg = Release|x64
		{3F6A7D22-1E7C-4708-A88B-676674AFCA7A}.ReleaseSteam|x64.Build.0 = Release|x64
		{3F6A7D22-1E7C-4708-A88B-676674AFCA7A}.ReleaseSteam|x86.ActiveCfg = Release|Win32
		{3F6A7D22-1E7C-4708-A88B-676674AFCA7A}.ReleaseSteam|x86.Build.0 = Release|Win32
		{8BCD93F2-BE7E-48E0-9C7C-82E0640C1712}.Debug|Android-arm64-v8a.ActiveCfg = Debug|Android-arm64-v8a
		{8BCD93F2-BE7E-48E0-9C7C-82E0640C1712}.Debug|Android-arm64-v8a.Build.0 = Debug|Android-arm64-v8a
		{8BCD93F2-BE7E-48E0-9C7C-82E0640C1712}.Debug|x64.ActiveCfg = Debug|x64
		{8BCD93F2-BE7E-48E0-9C7C-82E0640C1712}.Debug|x64.Build.0 = Debug|x64
		{8BCD93F2-BE7E-48E0-9C7C-82E0640C1712}.Debug|x86.ActiveCfg = Debug|Win32
		{8BCD93F2-BE7E-48E0-9C7C-82E0640C1712}.Debug|x86.Build.0 = Debug|Win32
		{8BCD93F2-BE7E-48E0-9C7C-82E0640C1712}.DebugEditor|Android-arm64-v8a.ActiveCfg = DebugEditor|Android-arm64-v8a
		{8BCD93F2-BE7E-48E0-9C7C-82E0640C1712}.DebugEditor|Android-arm64-v8a.Build.0 = DebugEditor|Android-arm64-v8a
		{8BCD93F2-BE7E-48E0-9C7C-82E0640C1712}.DebugEditor|x64.ActiveCfg = DebugEditor|x64
		{8BCD93F2-BE7E-48E0-9C7C-82E0640C1712}.DebugEditor|x64.Build.0 = DebugEditor|x64
		{8BCD93F2-BE7E-48E0-9C7C-82E0640C1712}.DebugEditor|x86.ActiveCfg = DebugEditor|Win32
		{8BCD93F2-BE7E-48E0-9C7C-82E0640C1712}.DebugEditor|x86.Build.0 = DebugEditor|Win32
		{8BCD93F2-BE7E-48E0-9C7C-82E0640C1712}.Release|Android-arm64-v8a.ActiveCfg = Release|Android-arm64-v8a
		{8BCD93F2-BE7E-48E0-9C7C-82E0640C1712}.Release|Android-arm64-v8a.Build.0 = Release|Android-arm64-v8a
		{8BCD93F2-BE7E-48E0-9C7C-82E0640C1712}.Release|x64.ActiveCfg = Release|x64
		{8BCD93F2-BE7E-48E0-9C7C-82E0640C1712}.Release|x64.Build.0 = Release|x64
		{8BCD93F2-BE7E-48E0-9C7C-82E0640C1712}.Release|x86.ActiveCfg = Release|Win32
		{8BCD93F2-BE7E-48E0-9C7C-82E0640C1712}.Release|x86.Build.0 = Release|Win32
		{8BCD93F2-BE7E-48E0-9C7C-82E0640C1712}.ReleaseEditor|Android-arm64-v8a.ActiveCfg = ReleaseEditor|Android-arm64-v8a
		{8BCD93F2-BE7E-48E0-9C7C-82E0640C1712}.ReleaseEditor|Android-arm64-v8a.Build.0 = ReleaseEditor|Android-arm64-v8a
		{8BCD93F2-BE7E-48E0-9C7C-82E0640C1712}.ReleaseEditor|x64.ActiveCfg = ReleaseEditor|x64
		{8BCD93F2-BE7E-48E0-9C7C-82E0640C1712}.ReleaseEditor|x64.Build.0 = ReleaseEditor|x64
		{8BCD93F2-BE7E-48E0-9C7C-82E0640C1712}.ReleaseEditor|x86.ActiveCfg = ReleaseEditor|Win32
		{8BCD93F2-BE7E-48E0-9C7C-82E0640C1712}.ReleaseEditor|x86.Build.0 = ReleaseEditor|Win32
		{8BCD93F2-BE7E-48E0-9C7C-82E0640C1712}.ReleaseSteam|Android-arm64-v8a.ActiveCfg = Release|Android-arm64-v8a
		{8BCD93F2-BE7E-48E0-9C7C-82E0640C1712}.ReleaseSteam|Android-arm64-v8a.Build.0 = Release|Android-arm64-v8a
		{8BCD93F2-BE7E-48E0-9C7C-82E0640C1712}.ReleaseSteam|x64.ActiveCfg = Release|x64
		{8BCD93F2-BE7E-48E0-9C7C-82E0640C1712}.ReleaseSteam|x64.Build.0 = Release|x64
		{8BCD93F2-BE7E-48E0-9C7C-82E0640C1712}.ReleaseSteam|x86.ActiveCfg = Release|Win32
		{8BCD93F2-BE7E-48E0-9C7C-82E0640C1712}.ReleaseSteam|x86.Build.0 = Release|Win32
		{843F284E-7382-4E28-9597-027F8145D55A}.Debug|Android-arm64-v8a.ActiveCfg = Debug|Android-arm64-v8a
		{843F284E-7382-4E28-9597-027F8145D55A}.Debug|Android-arm64-v8a.Build.0 = Debug|Android-arm64-v8a
		{843F284E-7382-4E28-9597-027F8145D55A}.Debug|x64.ActiveCfg = Debug|x64
		{843F284E-7382-4E28-9597-027F8145D55A}.Debug|x64.Build.0 = Debug|x64
		{843F284E-7382-4E28-9597-027F8145D55A}.Debug|x86.ActiveCfg = Debug|Win32
		{843F284E-7382-4E28-9597-027F8145D55A}.Debug|x86.Build.0 = Debug|Win32
		{843F284E-7382-4E28-9597-027F8145D55A}.DebugEditor|Android-arm64-v8a.ActiveCfg = DebugEditor|Android-arm64-v8a
		{843F284E-7382-4E28-9597-027F8145D55A}.DebugEditor|Android-arm64-v8a.Build.0 = DebugEditor|Android-arm64-v8a
		{843F284E-7382-4E28-9597-027F8145D55A}.DebugEditor|x64.ActiveCfg = DebugEditor|x64
		{843F284E-7382-4E28-9597-027F8145D55A}.DebugEditor|x64.Build.0 = DebugEditor|x64
		{843F284E-7382-4E28-9597-027F8145D55A}.DebugEditor|x86.ActiveCfg = DebugEditor|Win32
		{843F284E-7382-4E28-9597-027F8145D55A}.DebugEditor|x86.Build.0 = DebugEditor|Win32
		{843F284E-7382-4E28-9597-027F8145D55A}.Release|Android-arm64-v8a.ActiveCfg = Release|Android-arm64-v8a
		{843F284E-7382-4E28-9597-027F8145D55A}.Release|Android-arm64-v8a.Build.0 = Release|Android-arm64-v8a
		{843F284E-7382-4E28-9597-027F8145D55A}.Release|x64.ActiveCfg = Release|x64
		{843F284E-7382-4E28-9597-027F8145D55A}.Release|x64.Build.0 = Release|x64
		{843F284E-7382-4E28-9597-027F8145D55A}.Release|x86.ActiveCfg = Release|Win32
		{843F284E-7382-4E28-9597-027F8145D55A}.Release|x86.Build.0 = Release|Win32
		{843F284E-7382-4E28-9597-027F8145D55A}.ReleaseEditor|Android-arm64-v8a.ActiveCfg = ReleaseEditor|Android-arm64-v8a
		{843F284E-7382-4E28-9597-027F8145D55A}.ReleaseEditor|Android-arm64-v8a.Build.0 = ReleaseEditor|Android-arm64-v8a
		{843F284E-7382-4E28-9597-027F8145D55A}.ReleaseEditor|x64.ActiveCfg = ReleaseEditor|x64
		{843F284E-7382-4E28-9597-027F8145D55A}.ReleaseEditor|x64.Build.0 = ReleaseEditor|x64
		{843F284E-7382-4E28-9597-027F8145D55A}.ReleaseEditor|x86.ActiveCfg = ReleaseEditor|Win32
		{843F284E-7382-4E28-9597-027F8145D55A}.ReleaseEditor|x86.Build.0 = ReleaseEditor|Win32
		{843F284E-7382-4E28-9597-027F8145D55A}.ReleaseSteam|Android-arm64-v8a.ActiveCfg = Release|Android-arm64-v8a
		{843F284E-7382-4E28-9597-027F8145D55A}.ReleaseSteam|Android-arm64-v8a.Build.0 = Release|Android-arm64-v8a
		{843F284E-7382-4E28-9597-027F8145D55A}.ReleaseSteam|x64.ActiveCfg = Release|x64
		{843F284E-7382-4E28-9597-027F8145D55A}.ReleaseSteam|x64.Build.0 = Release|x64
		{843F284E-7382-4E28-9597-027F8145D55A}.ReleaseSteam|x86.ActiveCfg = Release|Win32
		{843F284E-7382-4E28-9597-027F8145D55A}.ReleaseSteam|x86.Build.0 = Release|Win32
		{62666E6C-3F33-45A2-88A6-7A4DAC19E439}.Debug|Android-arm64-v8a.ActiveCfg = Debug|Android-arm64-v8a
		{62666E6C-3F33-45A2-88A6-7A4DAC19E439}.Debug|Android-arm64-v8a.Build.0 = Debug|Android-arm64-v8a
		{62666E6C-3F33-45A2-88A6-7A4DAC19E439}.Debug|x64.ActiveCfg = Debug|x64
		{62666E6C-3F33-45A2-88A6-7A4DAC19E439}.Debug|x64.Build.0 = Debug|x64
		{62666E6C-3F33-45A2-88A6-7A4DAC19E439}.Debug|x86.ActiveCfg = Debug|Win32
		{62666E6C-3F33-45A2-88A6-7A4DAC19E439}.Debug|x86.Build.0 = Debug|Win32
		{62666E6C-3F33-45A2-88A6-7A4DAC19E439}.DebugEditor|Android-arm64-v8a.ActiveCfg = Debug|Android-arm64-v8a
		{62666E6C-3F33-45A2-88A6-7A4DAC19E439}.DebugEditor|Android-arm64-v8a.Build.0 = Debug|Android-arm64-v8a
		{62666E6C-3F33-45A2-88A6-7A4DAC19E439}.DebugEditor|x64.ActiveCfg = Debug|x64
		{62666E6C-3F33-45A2-88A6-7A4DAC19E439}.DebugEditor|x64.Build.0 = Debug|x64
		{62666E6C-3F33-45A2-88A6-7A4DAC19E439}.DebugEditor|x86.ActiveCfg = Debug|Win32
		{62666E6C-3F33-45A2-88A6-7A4DAC19E439}.DebugEditor|x86.Build.0 = Debug|Win32
		{62666E6C-3F33-45A2-88A6-7A4DAC19E439}.Release|Android-arm64-v8a.ActiveCfg = Release|Android-arm64-v8a
		{62666E6C-3F33-45A2-88A6-7A4DAC19E439}.Release|Android-arm64-v8a.Build.0 = Release|Android-arm64-v8a
		{62666E6C-3F33-45A2-88A6-7A4DAC19E439}.Release|x64.ActiveCfg = Release|x64
		{62666E6C-3F33-45A2-88A6-7A4DAC19E439}.Release|x64.Build.0 = Release|x64
		{62666E6C-3F33-45A2-88A6-7A4DAC19E439}.Release|x86.ActiveCfg = Release|Win32
		{62666E6C-3F33-45A2-88A6-7A4DAC19E439}.Release|x86.Build.0 = Release|Win32
		{62666E6C-3F33-45A2-88A6-7A4DAC19E439}.ReleaseEditor|Android-arm64-v8a.ActiveCfg = Release|Android-arm64-v8a
		{62666E6C-3F33-45A2-88A6-7A4DAC19E439}.ReleaseEditor|Android-arm64-v8a.Build.0 = Release|Android-arm64-v8a
		{62666E6C-3F33-45A2-88A6-7A4DAC19E439}.ReleaseEditor|x64.ActiveCfg = Release|x64
		{62666E6C-3F33-45A2-88A6-7A4DAC19E439}.ReleaseEditor|x64.Build.0 = Release|x64
		{62666E6C-3F33-45A2-88A6-7A4DAC19E439}.ReleaseEditor|x86.ActiveCfg = Release|Win32
		{62666E6C-3F33-45A2-88A6-7A4DAC19E439}.ReleaseEditor|x86.Build.0 = Release|Win32
		{62666E6C-3F33-45A2-88A6-7A4DAC19E439}.ReleaseSteam|Android-arm64-v8a.ActiveCfg = Release|Android-arm64-v8a
		{62666E6C-3F33-45A2-88A6-7A4DAC19E439}.ReleaseSteam|Android-arm64-v8a.Build.0 = Release|Android-arm64-v8a
		{62666E6C-3F33-45A2-88A6-7A4DAC19E439}.ReleaseSteam|x64.ActiveCfg = Release|x64
		{62666E6C-3F33-45A2-88A6-7A4DAC19E439}.ReleaseSteam|x64.Build.0 = Release|x64
		{62666E6C-3F33-45A2-88A6-7A4DAC19E439}.ReleaseSteam|x86.ActiveCfg = Release|Win32
		{62666E6C-3F33-45A2-88A6-7A4DAC19E439}.ReleaseSteam|x86.Build.0 = Release|Win32
		{76B204C0-0490-46FA-AD50-8030F398A5BA}.Debug|Android-arm64-v8a.ActiveCfg = Debug|Android-arm64-v8a
		{76B204C0-0490-46FA-AD50-8030F398A5BA}.Debug|Android-arm64-v8a.Build.0 = Debug|Android-arm64-v8a
		{76B204C0-0490-46FA-AD50-8030F398A5BA}.Debug|x64.ActiveCfg = Debug|x64
		{76B204C0-0490-46FA-AD50-8030F398A5BA}.Debug|x64.Build.0 = Debug|x64
		{76B204C0-0490-46FA-AD50-8030F398A5BA}.Debug|x86.ActiveCfg = Debug|Win32
		{76B204C0-0490-46FA-AD50-8030F398A5BA}.Debug|x86.Build.0 = Debug|Win32
		{76B204C0-0490-46FA-AD50-8030F398A5BA}.DebugEditor|Android-arm64-v8a.ActiveCfg = Debug|Android-arm64-v8a
		{76B204C0-0490-46FA-AD50-8030F398A5BA}.DebugEditor|Android-arm64-v8a.Build.0 = Debug|Android-arm64-v8a
		{76B204C0-0490-46FA-AD50-8030F398A5BA}.DebugEditor|x64.ActiveCfg = DebugEditor|x64
		{76B204C0-0490-46FA-AD50-8030F398A5BA}.DebugEditor|x64.Build.0 = DebugEditor|x64
		{76B204C0-0490-46FA-AD50-8030F398A5BA}.DebugEditor|x86.ActiveCfg = Debug|Win32
		{76B204C0-0490-46FA-AD50-8030F398A5BA}.DebugEditor|x86.Build.0 = Debug|Win32
		{76B204C0-0490-46FA-AD50-8030F398A5BA}.Release|Android-arm64-v8a.ActiveCfg = Release|Android-arm64-v8a
		{76B204C0-0490-46FA-AD50-8030F398A5BA}.Release|Android-arm64-v8a.Build.0 = Release|Android-arm64-v8a
		{76B204C0-0490-46FA-AD50-8030F398A5BA}.Release|x64.ActiveCfg = Release|x64
		{76B204C0-0490-46FA-AD50-8030F398A5BA}.Release|x64.Build.0 = Release|x64
		{76B204C0-0490-46FA-AD50-8030F398A5BA}.Release|x86.ActiveCfg = Release|Win32
		{76B204C0-0490-46FA-AD50-8030F398A5BA}.Release|x86.Build.0 = Release|Win32
		{76B204C0-0490-46FA-AD50-8030F398A5BA}.ReleaseEditor|Android-arm64-v8a.ActiveCfg = Release|Android-arm64-v8a
		{76B204C0-0490-46FA-AD50-8030F398A5BA}.ReleaseEditor|Android-arm64-v8a.Build.0 = Release|Android-arm64-v8a
		{76B204C0-0490-46FA-AD50-8030F398A5BA}.ReleaseEditor|x64.ActiveCfg = ReleaseEditor|x64
		{76B204C0-0490-46FA-AD50-8030F398A5BA}.ReleaseEditor|x64.Build.0 = ReleaseEditor|x64
		{76B204C0-0490-46FA-AD50-8030F398A5BA}.ReleaseEditor|x86.ActiveCfg = Release|Win32
		{76B204C0-0490-46FA-AD50-8030F398A5BA}.ReleaseEditor|x86.Build.0 = Release|Win32
		{76B204C0-0490-46FA-AD50-8030F398A5BA}.ReleaseSteam|Android-arm64-v8a.ActiveCfg = Release|Android-arm64-v8a
		{76B204C0-0490-46FA-AD50-8030F398A5BA}.ReleaseSteam|Android-arm64-v8a.Build.0 = Release|Android-arm64-v8a
		{76B204C0-0490-46FA-AD50-8030F398A5BA}.ReleaseSteam|x64.ActiveCfg = Release|x64
		{76B204C0-0490-46FA-AD50-8030F398A5BA}.ReleaseSteam|x64.Build.0 = Release|x64
		{76B204C0-0490-46FA-AD50-8030F398A5BA}.ReleaseSteam|x86.ActiveCfg = Release|Win32
		{76B204C0-0490-46FA-AD50-8030F398A5BA}.ReleaseSteam|x86.Build.0 = Release|Win32
		{B306753D-ADF6-4D8C-ACE7-C8AF2F909565}.Debug|Android-arm64-v8a.ActiveCfg = Debug|Win32
		{B306753D-ADF6-4D8C-ACE7-C8AF2F909565}.Debug|x64.ActiveCfg = Debug|x64
		{B306753D-ADF6-4D8C-ACE7-C8AF2F909565}.Debug|x64.Build.0 = Debug|x64
		{B306753D-ADF6-4D8C-ACE7-C8AF2F909565}.Debug|x86.ActiveCfg = Debug|Win32
		{B306753D-ADF6-4D8C-ACE7-C8AF2F909565}.Debug|x86.Build.0 = Debug|Win32
		{B306753D-ADF6-4D8C-ACE7-C8AF2F909565}.DebugEditor|Android-arm64-v8a.ActiveCfg = DebugEditor|Win32
		{B306753D-ADF6-4D8C-ACE7-C8AF2F909565}.DebugEditor|x64.ActiveCfg = DebugEditor|x64
		{B306753D-ADF6-4D8C-ACE7-C8AF2F909565}.DebugEditor|x64.Build.0 = DebugEditor|x64
		{B306753D-ADF6-4D8C-ACE7-C8AF2F909565}.DebugEditor|x86.ActiveCfg = DebugEditor|Win32
		{B306753D-ADF6-4D8C-ACE7-C8AF2F909565}.DebugEditor|x86.Build.0 = DebugEditor|Win32
		{B306753D-ADF6-4D8C-ACE7-C8AF2F909565}.Release|Android-arm64-v8a.ActiveCfg = Release|Win32
		{B306753D-ADF6-4D8C-ACE7-C8AF2F909565}.Release|x64.ActiveCfg = Release|x64
		{B306753D-ADF6-4D8C-ACE7-C8AF2F909565}.Release|x64.Build.0 = Release|x64
		{B306753D-ADF6-4D8C-ACE7-C8AF2F909565}.Release|x86.ActiveCfg = Release|Win32
		{B306753D-ADF6-4D8C-ACE7-C8AF2F909565}.Release|x86.Build.0 = Release|Win32
		{B306753D-ADF6-4D8C-ACE7-C8AF2F909565}.ReleaseEditor|Android-arm64-v8a.ActiveCfg = ReleaseEditor|Win32
		{B306753D-ADF6-4D8C-ACE7-C8AF2F909565}.ReleaseEditor|x64.ActiveCfg = ReleaseEditor|x64
		{B306753D-ADF6-4D8C-ACE7-C8AF2F909565}.ReleaseEditor|x64.Build.0 = ReleaseEditor|x64
		{B306753D-ADF6-4D8C-ACE7-C8AF2F909565}.ReleaseEditor|x86.ActiveCfg = ReleaseEditor|Win32
		{B306753D-ADF6-4D8C-ACE7-C8AF2F909565}.ReleaseEditor|x86.Build.0 = ReleaseEditor|Win32
		{B306753D-ADF6-4D8C-ACE7-C8AF2F909565}.ReleaseSteam|Android-arm64-v8a.ActiveCfg = Release|Win32
		{B306753D-ADF6-4D8C-ACE7-C8AF2F909565}.ReleaseSteam|x64.ActiveCfg = ReleaseSteam|x64
		{B306753D-ADF6-4D8C-ACE7-C8AF2F909565}.ReleaseSteam|x64.Build.0 = ReleaseSteam|x64
		{B306753D-ADF6-4D8C-ACE7-C8AF2F909565}.ReleaseSteam|x86.ActiveCfg = Release|Win32
		{B306753D-ADF6-4D8C-ACE7-C8AF2F909565}.ReleaseSteam|x86.Build.0 = Release|Win32
		{9CC47ACB-DFDE-4FDA-ADAE-CE660F8DD450}.Debug|Android-arm64-v8a.ActiveCfg = Debug|Android-arm64-v8a
		{9CC47ACB-DFDE-4FDA-ADAE-CE660F8DD450}.Debug|Android-arm64-v8a.Build.0 = Debug|Android-arm64-v8a
		{9CC47ACB-DFDE-4FDA-ADAE-CE660F8DD450}.Debug|x64.ActiveCfg = Debug|x64
		{9CC47ACB-DFDE-4FDA-ADAE-CE660F8DD450}.Debug|x64.Build.0 = Debug|x64
		{9CC47ACB-DFDE-4FDA-ADAE-CE660F8DD450}.Debug|x86.ActiveCfg = Debug|Win32
		{9CC47ACB-DFDE-4FDA-ADAE-CE660F8DD450}.Debug|x86.Build.0 = Debug|Win32
		{9CC47ACB-DFDE-4FDA-ADAE-CE660F8DD450}.DebugEditor|Android-arm64-v8a.ActiveCfg = Debug|Android-arm64-v8a
		{9CC47ACB-DFDE-4FDA-ADAE-CE660F8DD450}.DebugEditor|Android-arm64-v8a.Build.0 = Debug|Android-arm64-v8a
		{9CC47ACB-DFDE-4FDA-ADAE-CE660F8DD450}.DebugEditor|x64.ActiveCfg = Debug|x64
		{9CC47ACB-DFDE-4FDA-ADAE-CE660F8DD450}.DebugEditor|x64.Build.0 = Debug|x64
		{9CC47ACB-DFDE-4FDA-ADAE-CE660F8DD450}.DebugEditor|x86.ActiveCfg = Debug|Win32
		{9CC47ACB-DFDE-4FDA-ADAE-CE660F8DD450}.DebugEditor|x86.Build.0 = Debug|Win32
		{9CC47ACB-DFDE-4FDA-ADAE-CE660F8DD450}.Release|Android-arm64-v8a.ActiveCfg = Release|Android-arm64-v8a
		{9CC47ACB-DFDE-4FDA-ADAE-CE660F8DD450}.Release|Android-arm64-v8a.Build.0 = Release|Android-arm64-v8a
		{9CC47ACB-DFDE-4FDA-ADAE-CE660F8DD450}.Release|x64.ActiveCfg = Release|x64
		{9CC47ACB-DFDE-4FDA-ADAE-CE660F8DD450}.Release|x64.Build.0 = Release|x64
		{9CC47ACB-DFDE-4FDA-ADAE-CE660F8DD450}.Release|x86.ActiveCfg = Release|Win32
		{9CC47ACB-DFDE-4FDA-ADAE-CE660F8DD450}.Release|x86.Build.0 = Release|Win32
		{9CC47ACB-DFDE-4FDA-ADAE-CE660F8DD450}.ReleaseEditor|Android-arm64-v8a.ActiveCfg = Release|Android-arm64-v8a
		{9CC47ACB-DFDE-4FDA-ADAE-CE660F8DD450}.ReleaseEditor|Android-arm64-v8a.Build.0 = Release|Android-arm64-v8a
		{9CC47ACB-DFDE-4FDA-ADAE-CE660F8DD450}.ReleaseEditor|x64.ActiveCfg = Release|x64
		{9CC47ACB-DFDE-4FDA-ADAE-CE660F8DD450}.ReleaseEditor|x64.Build.0 = Release|x64
		{9CC47ACB-DFDE-4FDA-ADAE-CE660F8DD450}.ReleaseEditor|x86.ActiveCfg = Release|Win32
		{9CC47ACB-DFDE-4FDA-ADAE-CE660F8DD450}.ReleaseEditor|x86.Build.0 = Release|Win32
		{9CC47ACB-DFDE-4FDA-ADAE-CE660F8DD450}.ReleaseSteam|Android-arm64-v8a.ActiveCfg = Release|Android-arm64-v8a
		{9CC47ACB-DFDE-4FDA-ADAE-CE660F8DD450}.ReleaseSteam|Android-arm64-v8a.Build.0 = Release|Android-arm64-v8a
		{9CC47ACB-DFDE-4FDA-ADAE-CE660F8DD450}.ReleaseSteam|x64.ActiveCfg = Release|x64
		{9CC47ACB-DFDE-4FDA-ADAE-CE660F8DD450}.ReleaseSteam|x64.Build.0 = Release|x64
		{9CC47ACB-DFDE-4FDA-ADAE-CE660F8DD450}.ReleaseSteam|x86.ActiveCfg = Release|Win32
		{9CC47ACB-DFDE-4FDA-ADAE-CE660F8DD450}.ReleaseSteam|x86.Build.0 = Release|Win32
		{DF4F0435-E38D-465D-9BAD-1382FE0E2624}.Debug|Android-arm64-v8a.ActiveCfg = Debug|x64
		{DF4F0435-E38D-465D-9BAD-1382FE0E2624}.Debug|Android-arm64-v8a.Build.0 = Debug|x64
		{DF4F0435-E38D-465D-9BAD-1382FE0E2624}.Debug|x64.ActiveCfg = Debug|x64
		{DF4F0435-E38D-465D-9BAD-1382FE0E2624}.Debug|x64.Build.0 = Debug|x64
		{DF4F0435-E38D-465D-9BAD-1382FE0E2624}.Debug|x86.ActiveCfg = Debug|Win32
		{DF4F0435-E38D-465D-9BAD-1382FE0E2624}.Debug|x86.Build.0 = Debug|Win32
		{DF4F0435-E38D-465D-9BAD-1382FE0E2624}.DebugEditor|Android-arm64-v8a.ActiveCfg = Debug|x64
		{DF4F0435-E38D-465D-9BAD-1382FE0E2624}.DebugEditor|Android-arm64-v8a.Build.0 = Debug|x64
		{DF4F0435-E38D-465D-9BAD-1382FE0E2624}.DebugEditor|x64.ActiveCfg = DebugEditor|x64
		{DF4F0435-E38D-465D-9BAD-1382FE0E2624}.DebugEditor|x64.Build.0 = DebugEditor|x64
		{DF4F0435-E38D-465D-9BAD-1382FE0E2624}.DebugEditor|x86.ActiveCfg = Debug|Win32
		{DF4F0435-E38D-465D-9BAD-1382FE0E2624}.DebugEditor|x86.Build.0 = Debug|Win32
		{DF4F0435-E38D-465D-9BAD-1382FE0E2624}.Release|Android-arm64-v8a.ActiveCfg = Release|x64
		{DF4F0435-E38D-465D-9BAD-1382FE0E2624}.Release|Android-arm64-v8a.Build.0 = Release|x64
		{DF4F0435-E38D-465D-9BAD-1382FE0E2624}.Release|x64.ActiveCfg = Release|x64
		{DF4F0435-E38D-465D-9BAD-1382FE0E2624}.Release|x64.Build.0 = Release|x64
		{DF4F0435-E38D-465D-9BAD-1382FE0E2624}.Release|x86.ActiveCfg = Release|Win32
		{DF4F0435-E38D-465D-9BAD-1382FE0E2624}.Release|x86.Build.0 = Release|Win32
		{DF4F0435-E38D-465D-9BAD-1382FE0E2624}.ReleaseEditor|Android-arm64-v8a.ActiveCfg = Release|x64
		{DF4F0435-E38D-465D-9BAD-1382FE0E2624}.ReleaseEditor|Android-arm64-v8a.Build.0 = Release|x64
		{DF4F0435-E38D-465D-9BAD-1382FE0E2624}.ReleaseEditor|x64.ActiveCfg = ReleaseEditor|x64
		{DF4F0435-E38D-465D-9BAD-1382FE0E2624}.ReleaseEditor|x64.Build.0 = ReleaseEditor|x64
		{DF4F0435-E38D-465D-9BAD-1382FE0E2624}.ReleaseEditor|x86.ActiveCfg = Release|Win32
		{DF4F0435-E38D-465D-9BAD-1382FE0E2624}.ReleaseEditor|x86.Build.0 = Release|Win32
		{DF4F0435-E38D-465D-9BAD-1382FE0E2624}.ReleaseSteam|Android-arm64-v8a.ActiveCfg = Release|x64
		{DF4F0435-E38D-465D-9BAD-1382FE0E2624}.ReleaseSteam|Android-arm64-v8a.Build.0 = Release|x64
		{DF4F0435-E38D-465D-9BAD-1382FE0E2624}.ReleaseSteam|x64.ActiveCfg = Release|x64
		{DF4F0435-E38D-465D-9BAD-1382FE0E2624}.ReleaseSteam|x64.Build.0 = Release|x64
		{DF4F0435-E38D-465D-9BAD-1382FE0E2624}.ReleaseSteam|x86.ActiveCfg = Release|Win32
		{DF4F0435-E38D-465D-9BAD-1382FE0E2624}.ReleaseSteam|x86.Build.0 = Release|Win32
	EndGlobalSection
	GlobalSection(SolutionProperties) = preSolution
		HideSolutionNode = FALSE
	EndGlobalSection
	GlobalSection(NestedProjects) = preSolution
		{3F6A7D22-1E7C-4708-A88B-676674AFCA7A} = {DF60F810-B0E9-4351-9E38-EE3FE836C33C}
		{8BCD93F2-BE7E-48E0-9C7C-82E0640C1712} = {DF60F810-B0E9-4351-9E38-EE3FE836C33C}
		{843F284E-7382-4E28-9597-027F8145D55A} = {DF60F810-B0E9-4351-9E38-EE3FE836C33C}
		{62666E6C-3F33-45A2-88A6-7A4DAC19E439} = {DF60F810-B0E9-4351-9E38-EE3FE836C33C}
		{76B204C0-0490-46FA-AD50-8030F398A5BA} = {DF60F810-B0E9-4351-9E38-EE3FE836C33C}
		{9CC47ACB-DFDE-4FDA-ADAE-CE660F8DD450} = {DF60F810-B0E9-4351-9E38-EE3FE836C33C}
		{DF4F0435-E38D-465D-9BAD-1382FE0E2624} = {DF60F810-B0E9-4351-9E38-EE3FE836C33C}
	EndGlobalSection
	GlobalSection(ExtensibilityGlobals) = postSolution
		SolutionGuid = {CD1BFB4A-3E1E-46C4-9822-83AEDB52A280}
	EndGlobalSection
EndGlobal
