<?xml version="1.0" encoding="utf-8"?>
<Project ToolsVersion="4.0" xmlns="http://schemas.microsoft.com/developer/msbuild/2003">
  <ItemGroup>
    <Filter Include="Source Files">
      <UniqueIdentifier>{4FC737F1-C7A5-4376-A066-2A32D752A2FF}</UniqueIdentifier>
      <Extensions>cpp;c;cc;cxx;def;odl;idl;hpj;bat;asm;asmx</Extensions>
    </Filter>
    <Filter Include="Shaders">
      <UniqueIdentifier>{9076d360-c1e3-452b-8c4a-419c64c8f22a}</UniqueIdentifier>
    </Filter>
    <Filter Include="Resource Files">
      <UniqueIdentifier>{67DA6AB6-F800-4c08-8B7A-83BB121AAD01}</UniqueIdentifier>
      <Extensions>rc;ico;cur;bmp;dlg;rc2;rct;bin;rgs;gif;jpg;jpeg;jpe;resx;tiff;tif;png;wav;mfcribbon-ms</Extensions>
    </Filter>
    <Filter Include="Source Files\Graphics">
      <UniqueIdentifier>{2375096a-e5ce-4eb8-a217-00a7a6c6d598}</UniqueIdentifier>
    </Filter>
    <Filter Include="Source Files\Graphics\Vulkan">
      <UniqueIdentifier>{795177ba-fc58-43b3-88f5-88711f7c0417}</UniqueIdentifier>
    </Filter>
    <Filter Include="Source Files\Input">
      <UniqueIdentifier>{d9e92981-eb53-4ae7-9682-f889c6f6445f}</UniqueIdentifier>
    </Filter>
    <Filter Include="Source Files\Audio">
      <UniqueIdentifier>{dd26b867-8351-4e8e-90cd-846e74351055}</UniqueIdentifier>
    </Filter>
    <Filter Include="Source Files\System">
      <UniqueIdentifier>{3026e8e9-7a1e-482c-9c18-a5f9bcdc9877}</UniqueIdentifier>
    </Filter>
    <Filter Include="Source Files\Network">
      <UniqueIdentifier>{e84b290e-eb93-4ed0-b1f0-0cab1a6091b7}</UniqueIdentifier>
    </Filter>
    <Filter Include="Source Files\Input\Windows">
      <UniqueIdentifier>{2e82280f-0e43-453b-bfc6-856a765729e6}</UniqueIdentifier>
    </Filter>
    <Filter Include="Source Files\Audio\Windows">
      <UniqueIdentifier>{8bfdd1ce-2206-4d96-a96c-b11533d22a39}</UniqueIdentifier>
    </Filter>
    <Filter Include="Source Files\Network\Windows">
      <UniqueIdentifier>{34fb6b58-9dd4-4b84-ba74-9f77ceda3575}</UniqueIdentifier>
    </Filter>
    <Filter Include="Source Files\System\Windows">
      <UniqueIdentifier>{af706c10-afcf-48d5-bb84-ffc38dd7991f}</UniqueIdentifier>
    </Filter>
    <Filter Include="Source Files\Engine">
      <UniqueIdentifier>{3a6a6b94-dce8-4dab-878b-39963484f10b}</UniqueIdentifier>
    </Filter>
    <Filter Include="Source Files\Editor">
      <UniqueIdentifier>{3b70c2ca-d70b-4e25-a867-def9107acb59}</UniqueIdentifier>
    </Filter>
    <Filter Include="Source Files\Network\Linux">
      <UniqueIdentifier>{00e51e9b-3f22-4042-aefe-1cee0c1ef284}</UniqueIdentifier>
    </Filter>
    <Filter Include="Source Files\Input\Linux">
      <UniqueIdentifier>{add00f1c-8cab-4fbc-9eaf-bb1e95d45899}</UniqueIdentifier>
    </Filter>
    <Filter Include="Source Files\Audio\Linux">
      <UniqueIdentifier>{401fdd0f-96d1-4aac-9241-13466c7a9ab8}</UniqueIdentifier>
    </Filter>
    <Filter Include="Source Files\System\Linux">
      <UniqueIdentifier>{0dc80790-2ff6-4535-baf7-735f46146831}</UniqueIdentifier>
    </Filter>
    <Filter Include="Source Files\LuaBindings">
      <UniqueIdentifier>{e328cdab-7cbd-4cd7-b36d-cd304a7a93e7}</UniqueIdentifier>
    </Filter>
    <Filter Include="Source Files\Engine\Assets">
      <UniqueIdentifier>{34ed2864-b921-4089-abed-1621c26ef9f0}</UniqueIdentifier>
    </Filter>
    <Filter Include="Source Files\Audio\Android">
      <UniqueIdentifier>{e10803b1-23e8-4d48-8b3a-6b7b43f7b3bc}</UniqueIdentifier>
    </Filter>
    <Filter Include="Source Files\Input\Android">
      <UniqueIdentifier>{9bc64031-2f4c-4939-844b-19ce40796422}</UniqueIdentifier>
    </Filter>
    <Filter Include="Source Files\Network\Android">
      <UniqueIdentifier>{e4823e5d-4725-4144-8daa-71c3edbfd79c}</UniqueIdentifier>
    </Filter>
    <Filter Include="Source Files\System\Android">
      <UniqueIdentifier>{357599d0-a3f2-48cb-8918-ad140e561af9}</UniqueIdentifier>
    </Filter>
    <Filter Include="Source Files\Engine\Nodes">
      <UniqueIdentifier>{0c1dc114-d792-49eb-bb9d-a0f98b94f95d}</UniqueIdentifier>
    </Filter>
    <Filter Include="Source Files\Engine\Nodes\Widgets">
      <UniqueIdentifier>{dc41d54e-d3cc-4f72-a638-388191adde27}</UniqueIdentifier>
    </Filter>
    <Filter Include="Source Files\Engine\Nodes\3D">
      <UniqueIdentifier>{9bd20d9a-4e2e-42dd-819e-61f60afc29c5}</UniqueIdentifier>
    </Filter>
    <Filter Include="Source Files\Editor\Imgui">
      <UniqueIdentifier>{228bd210-e49e-43f0-a677-ef19ebf3ba53}</UniqueIdentifier>
    </Filter>
    <Filter Include="Source Files\Graphics\Vulkan\PostProcess">
      <UniqueIdentifier>{11563a18-1f88-4214-ad85-f31d25c2aeea}</UniqueIdentifier>
    </Filter>
    <Filter Include="Source Files\Audio\Dolphin">
      <UniqueIdentifier>{9872c477-1e14-44fc-9e74-af00c06a8969}</UniqueIdentifier>
    </Filter>
    <Filter Include="Source Files\Audio\3DS">
      <UniqueIdentifier>{3df35c8d-8f5d-44dc-8216-5b9cfdd0949f}</UniqueIdentifier>
    </Filter>
    <Filter Include="Source Files\Graphics\GX">
      <UniqueIdentifier>{f34985e2-0917-41c2-81f6-dbc5d6ab2a49}</UniqueIdentifier>
    </Filter>
    <Filter Include="Source Files\Graphics\C3D">
      <UniqueIdentifier>{15f6e41c-cc10-4f23-8ae8-e0b308cec8ec}</UniqueIdentifier>
    </Filter>
    <Filter Include="Source Files\Input\Dolphin">
      <UniqueIdentifier>{f36d08db-4bb4-4460-867a-60dbb472530e}</UniqueIdentifier>
    </Filter>
    <Filter Include="Source Files\Input\3DS">
      <UniqueIdentifier>{7680b534-759d-4e6d-bada-f0321db0e4cb}</UniqueIdentifier>
    </Filter>
    <Filter Include="Source Files\Network\Dolphin">
      <UniqueIdentifier>{551b6d02-c2c4-458b-a0f4-2edd0274d55f}</UniqueIdentifier>
    </Filter>
    <Filter Include="Source Files\Network\3DS">
      <UniqueIdentifier>{441aa36d-88de-4dd2-bcb2-0dd4403341af}</UniqueIdentifier>
    </Filter>
    <Filter Include="Source Files\System\Dolphin">
      <UniqueIdentifier>{cdd57a47-e084-47e7-9c91-68b41f0425d8}</UniqueIdentifier>
    </Filter>
    <Filter Include="Source Files\System\3DS">
      <UniqueIdentifier>{f006b897-795f-4568-9c40-b8de91cf5068}</UniqueIdentifier>
    </Filter>
  </ItemGroup>
  <ItemGroup>
    <ClCompile Include="Source\Graphics\Vulkan\VulkanUtils.cpp">
      <Filter>Source Files\Graphics\Vulkan</Filter>
    </ClCompile>
    <ClCompile Include="Source\Graphics\Vulkan\VulkanContext.cpp">
      <Filter>Source Files\Graphics\Vulkan</Filter>
    </ClCompile>
    <ClCompile Include="Source\Graphics\Vulkan\Buffer.cpp">
      <Filter>Source Files\Graphics\Vulkan</Filter>
    </ClCompile>
    <ClCompile Include="Source\Graphics\Vulkan\Image.cpp">
      <Filter>Source Files\Graphics\Vulkan</Filter>
    </ClCompile>
    <ClCompile Include="Source\Graphics\Vulkan\DescriptorSet.cpp">
      <Filter>Source Files\Graphics\Vulkan</Filter>
    </ClCompile>
    <ClCompile Include="Source\Graphics\Vulkan\DestroyQueue.cpp">
      <Filter>Source Files\Graphics\Vulkan</Filter>
    </ClCompile>
    <ClCompile Include="Source\Graphics\Vulkan\Pipeline.cpp">
      <Filter>Source Files\Graphics\Vulkan</Filter>
    </ClCompile>
    <ClCompile Include="Source\Graphics\Vulkan\Graphics_Vulkan.cpp">
      <Filter>Source Files\Graphics\Vulkan</Filter>
    </ClCompile>
    <ClCompile Include="Source\Graphics\GraphicsUtils.cpp">
      <Filter>Source Files\Graphics</Filter>
    </ClCompile>
    <ClCompile Include="Source\Engine\Asset.cpp">
      <Filter>Source Files\Engine</Filter>
    </ClCompile>
    <ClCompile Include="Source\Engine\AssetDir.cpp">
      <Filter>Source Files\Engine</Filter>
    </ClCompile>
    <ClCompile Include="Source\Engine\AssetManager.cpp">
      <Filter>Source Files\Engine</Filter>
    </ClCompile>
    <ClCompile Include="Source\Engine\AssetRef.cpp">
      <Filter>Source Files\Engine</Filter>
    </ClCompile>
    <ClCompile Include="Source\Engine\Clock.cpp">
      <Filter>Source Files\Engine</Filter>
    </ClCompile>
    <ClCompile Include="Source\Engine\Engine.cpp">
      <Filter>Source Files\Engine</Filter>
    </ClCompile>
    <ClCompile Include="Source\Engine\Maths.cpp">
      <Filter>Source Files\Engine</Filter>
    </ClCompile>
    <ClCompile Include="Source\Engine\Property.cpp">
      <Filter>Source Files\Engine</Filter>
    </ClCompile>
    <ClCompile Include="Source\Engine\Rect.cpp">
      <Filter>Source Files\Engine</Filter>
    </ClCompile>
    <ClCompile Include="Source\Engine\Renderer.cpp">
      <Filter>Source Files\Engine</Filter>
    </ClCompile>
    <ClCompile Include="Source\Engine\Stream.cpp">
      <Filter>Source Files\Engine</Filter>
    </ClCompile>
    <ClCompile Include="Source\Engine\Utilities.cpp">
      <Filter>Source Files\Engine</Filter>
    </ClCompile>
    <ClCompile Include="Source\Engine\World.cpp">
      <Filter>Source Files\Engine</Filter>
    </ClCompile>
    <ClCompile Include="Source\Input\InputUtils.cpp">
      <Filter>Source Files\Input</Filter>
    </ClCompile>
    <ClCompile Include="Source\Input\Input.cpp">
      <Filter>Source Files\Input</Filter>
    </ClCompile>
    <ClCompile Include="Source\Engine\InputDevices.cpp">
      <Filter>Source Files\Engine</Filter>
    </ClCompile>
    <ClCompile Include="Source\Input\Windows\Input_Windows.cpp">
      <Filter>Source Files\Input\Windows</Filter>
    </ClCompile>
    <ClCompile Include="Source\System\Windows\System_Windows.cpp">
      <Filter>Source Files\System\Windows</Filter>
    </ClCompile>
    <ClCompile Include="Source\Engine\EngineTypes.cpp">
      <Filter>Source Files\Engine</Filter>
    </ClCompile>
    <ClCompile Include="Source\Engine\Log.cpp">
      <Filter>Source Files\Engine</Filter>
    </ClCompile>
    <ClCompile Include="Source\Engine\AudioManager.cpp">
      <Filter>Source Files\Engine</Filter>
    </ClCompile>
    <ClCompile Include="Source\Audio\Windows\Audio_Windows.cpp">
      <Filter>Source Files\Audio\Windows</Filter>
    </ClCompile>
    <ClCompile Include="Source\Engine\Profiler.cpp">
      <Filter>Source Files\Engine</Filter>
    </ClCompile>
    <ClCompile Include="Source\Editor\ActionManager.cpp">
      <Filter>Source Files\Editor</Filter>
    </ClCompile>
    <ClCompile Include="Source\Editor\EditorMain.cpp">
      <Filter>Source Files\Editor</Filter>
    </ClCompile>
    <ClCompile Include="Source\Editor\EditorState.cpp">
      <Filter>Source Files\Editor</Filter>
    </ClCompile>
    <ClCompile Include="Source\Editor\EditorUtils.cpp">
      <Filter>Source Files\Editor</Filter>
    </ClCompile>
    <ClCompile Include="Source\Editor\Grid.cpp">
      <Filter>Source Files\Editor</Filter>
    </ClCompile>
    <ClCompile Include="Source\Editor\InputManager.cpp">
      <Filter>Source Files\Editor</Filter>
    </ClCompile>
    <ClCompile Include="Source\Engine\NetFunc.cpp">
      <Filter>Source Files\Engine</Filter>
    </ClCompile>
    <ClCompile Include="Source\Engine\NetMsg.cpp">
      <Filter>Source Files\Engine</Filter>
    </ClCompile>
    <ClCompile Include="Source\Engine\NetworkManager.cpp">
      <Filter>Source Files\Engine</Filter>
    </ClCompile>
    <ClCompile Include="Source\Engine\NetDatum.cpp">
      <Filter>Source Files\Engine</Filter>
    </ClCompile>
    <ClCompile Include="Source\Network\Windows\Network_Windows.cpp">
      <Filter>Source Files\Network\Windows</Filter>
    </ClCompile>
    <ClCompile Include="Source\Network\Linux\Network_Linux.cpp">
      <Filter>Source Files\Network\Linux</Filter>
    </ClCompile>
    <ClCompile Include="Source\Engine\Datum.cpp">
      <Filter>Source Files\Engine</Filter>
    </ClCompile>
    <ClCompile Include="Source\Input\Linux\Input_Linux.cpp">
      <Filter>Source Files\Input\Linux</Filter>
    </ClCompile>
    <ClCompile Include="Source\Audio\Linux\Audio_Linux.cpp">
      <Filter>Source Files\Audio\Linux</Filter>
    </ClCompile>
    <ClCompile Include="Source\System\Linux\System_Linux.cpp">
      <Filter>Source Files\System\Linux</Filter>
    </ClCompile>
    <ClCompile Include="Source\Engine\CameraFrustum.cpp">
      <Filter>Source Files\Engine</Filter>
    </ClCompile>
    <ClCompile Include="Source\LuaBindings\LuaBindings.cpp">
      <Filter>Source Files\LuaBindings</Filter>
    </ClCompile>
    <ClCompile Include="Source\LuaBindings\LuaUtils.cpp">
      <Filter>Source Files\LuaBindings</Filter>
    </ClCompile>
    <ClCompile Include="Source\LuaBindings\Engine_Lua.cpp">
      <Filter>Source Files\LuaBindings</Filter>
    </ClCompile>
    <ClCompile Include="Source\LuaBindings\Vector_Lua.cpp">
      <Filter>Source Files\LuaBindings</Filter>
    </ClCompile>
    <ClCompile Include="Source\LuaBindings\World_Lua.cpp">
      <Filter>Source Files\LuaBindings</Filter>
    </ClCompile>
    <ClCompile Include="Source\LuaBindings\Input_Lua.cpp">
      <Filter>Source Files\LuaBindings</Filter>
    </ClCompile>
    <ClCompile Include="Source\LuaBindings\Asset_Lua.cpp">
      <Filter>Source Files\LuaBindings</Filter>
    </ClCompile>
    <ClCompile Include="Source\LuaBindings\AssetManager_Lua.cpp">
      <Filter>Source Files\LuaBindings</Filter>
    </ClCompile>
    <ClCompile Include="Source\Engine\ObjectRef.cpp">
      <Filter>Source Files\Engine</Filter>
    </ClCompile>
    <ClCompile Include="Source\LuaBindings\Audio_Lua.cpp">
      <Filter>Source Files\LuaBindings</Filter>
    </ClCompile>
    <ClCompile Include="Source\LuaBindings\Log_Lua.cpp">
      <Filter>Source Files\LuaBindings</Filter>
    </ClCompile>
    <ClCompile Include="Source\LuaBindings\Maths_Lua.cpp">
      <Filter>Source Files\LuaBindings</Filter>
    </ClCompile>
    <ClCompile Include="Source\LuaBindings\Network_Lua.cpp">
      <Filter>Source Files\LuaBindings</Filter>
    </ClCompile>
    <ClCompile Include="Source\LuaBindings\Renderer_Lua.cpp">
      <Filter>Source Files\LuaBindings</Filter>
    </ClCompile>
    <ClCompile Include="Source\LuaBindings\Widget_Lua.cpp">
      <Filter>Source Files\LuaBindings</Filter>
    </ClCompile>
    <ClCompile Include="Source\LuaBindings\Canvas_Lua.cpp">
      <Filter>Source Files\LuaBindings</Filter>
    </ClCompile>
    <ClCompile Include="Source\LuaBindings\Quad_Lua.cpp">
      <Filter>Source Files\LuaBindings</Filter>
    </ClCompile>
    <ClCompile Include="Source\LuaBindings\Text_Lua.cpp">
      <Filter>Source Files\LuaBindings</Filter>
    </ClCompile>
    <ClCompile Include="Source\LuaBindings\Button_Lua.cpp">
      <Filter>Source Files\LuaBindings</Filter>
    </ClCompile>
    <ClCompile Include="Source\LuaBindings\CheckBox_Lua.cpp">
      <Filter>Source Files\LuaBindings</Filter>
    </ClCompile>
    <ClCompile Include="Source\LuaBindings\Selector_Lua.cpp">
      <Filter>Source Files\LuaBindings</Filter>
    </ClCompile>
    <ClCompile Include="Source\LuaBindings\ComboBox_Lua.cpp">
      <Filter>Source Files\LuaBindings</Filter>
    </ClCompile>
    <ClCompile Include="Source\LuaBindings\TextField_Lua.cpp">
      <Filter>Source Files\LuaBindings</Filter>
    </ClCompile>
    <ClCompile Include="Source\LuaBindings\VerticalList_Lua.cpp">
      <Filter>Source Files\LuaBindings</Filter>
    </ClCompile>
    <ClCompile Include="Source\LuaBindings\Misc_Lua.cpp">
      <Filter>Source Files\LuaBindings</Filter>
    </ClCompile>
    <ClCompile Include="Source\LuaBindings\Rect_Lua.cpp">
      <Filter>Source Files\LuaBindings</Filter>
    </ClCompile>
    <ClCompile Include="Source\Engine\Assets\MaterialInstance.cpp">
      <Filter>Source Files\Engine\Assets</Filter>
    </ClCompile>
    <ClCompile Include="Source\Engine\Assets\ParticleSystem.cpp">
      <Filter>Source Files\Engine\Assets</Filter>
    </ClCompile>
    <ClCompile Include="Source\Engine\Assets\ParticleSystemInstance.cpp">
      <Filter>Source Files\Engine\Assets</Filter>
    </ClCompile>
    <ClCompile Include="Source\Engine\Assets\SkeletalMesh.cpp">
      <Filter>Source Files\Engine\Assets</Filter>
    </ClCompile>
    <ClCompile Include="Source\Engine\Assets\SoundWave.cpp">
      <Filter>Source Files\Engine\Assets</Filter>
    </ClCompile>
    <ClCompile Include="Source\Engine\Assets\StaticMesh.cpp">
      <Filter>Source Files\Engine\Assets</Filter>
    </ClCompile>
    <ClCompile Include="Source\Engine\Assets\Texture.cpp">
      <Filter>Source Files\Engine\Assets</Filter>
    </ClCompile>
    <ClCompile Include="Source\LuaBindings\MaterialInstance_Lua.cpp">
      <Filter>Source Files\LuaBindings</Filter>
    </ClCompile>
    <ClCompile Include="Source\LuaBindings\ParticleSystem_Lua.cpp">
      <Filter>Source Files\LuaBindings</Filter>
    </ClCompile>
    <ClCompile Include="Source\LuaBindings\ParticleSystemInstance_Lua.cpp">
      <Filter>Source Files\LuaBindings</Filter>
    </ClCompile>
    <ClCompile Include="Source\LuaBindings\SkeletalMesh_Lua.cpp">
      <Filter>Source Files\LuaBindings</Filter>
    </ClCompile>
    <ClCompile Include="Source\LuaBindings\SoundWave_Lua.cpp">
      <Filter>Source Files\LuaBindings</Filter>
    </ClCompile>
    <ClCompile Include="Source\LuaBindings\StaticMesh_Lua.cpp">
      <Filter>Source Files\LuaBindings</Filter>
    </ClCompile>
    <ClCompile Include="Source\LuaBindings\Texture_Lua.cpp">
      <Filter>Source Files\LuaBindings</Filter>
    </ClCompile>
    <ClCompile Include="Source\Engine\Assets\Font.cpp">
      <Filter>Source Files\Engine\Assets</Filter>
    </ClCompile>
    <ClCompile Include="Source\LuaBindings\Font_Lua.cpp">
      <Filter>Source Files\LuaBindings</Filter>
    </ClCompile>
    <ClCompile Include="Source\Engine\TableDatum.cpp">
      <Filter>Source Files\Engine</Filter>
    </ClCompile>
    <ClCompile Include="Source\LuaBindings\LuaTypeCheck.cpp">
      <Filter>Source Files\LuaBindings</Filter>
    </ClCompile>
    <ClCompile Include="Source\Engine\ScriptAutoReg.cpp">
      <Filter>Source Files\Engine</Filter>
    </ClCompile>
    <ClCompile Include="Source\LuaBindings\Stream_Lua.cpp">
      <Filter>Source Files\LuaBindings</Filter>
    </ClCompile>
    <ClCompile Include="Source\LuaBindings\System_Lua.cpp">
      <Filter>Source Files\LuaBindings</Filter>
    </ClCompile>
    <ClCompile Include="Source\Engine\TimerManager.cpp">
      <Filter>Source Files\Engine</Filter>
    </ClCompile>
    <ClCompile Include="Source\LuaBindings\TimerManager_Lua.cpp">
      <Filter>Source Files\LuaBindings</Filter>
    </ClCompile>
    <ClCompile Include="Source\Engine\ScriptUtils.cpp">
      <Filter>Source Files\Engine</Filter>
    </ClCompile>
    <ClCompile Include="Source\LuaBindings\Poly_Lua.cpp">
      <Filter>Source Files\LuaBindings</Filter>
    </ClCompile>
    <ClCompile Include="Source\LuaBindings\PolyRect_Lua.cpp">
      <Filter>Source Files\LuaBindings</Filter>
    </ClCompile>
    <ClCompile Include="Source\LuaBindings\Script_Lua.cpp">
      <Filter>Source Files\LuaBindings</Filter>
    </ClCompile>
    <ClCompile Include="Source\Graphics\Vulkan\RayTracer.cpp">
      <Filter>Source Files\Graphics\Vulkan</Filter>
    </ClCompile>
    <ClCompile Include="Source\Audio\Android\Audio_Android.cpp">
      <Filter>Source Files\Audio\Android</Filter>
    </ClCompile>
    <ClCompile Include="Source\Input\Android\Input_Android.cpp">
      <Filter>Source Files\Input\Android</Filter>
    </ClCompile>
    <ClCompile Include="Source\Network\Android\Network_Android.cpp">
      <Filter>Source Files\Network\Android</Filter>
    </ClCompile>
    <ClCompile Include="Source\System\Android\System_Android.cpp">
      <Filter>Source Files\System\Android</Filter>
    </ClCompile>
    <ClCompile Include="Source\Graphics\Vulkan\MultiBuffer.cpp">
      <Filter>Source Files\Graphics\Vulkan</Filter>
    </ClCompile>
    <ClCompile Include="Source\Graphics\Vulkan\MaterialPipelineCache.cpp">
      <Filter>Source Files\Graphics\Vulkan</Filter>
    </ClCompile>
    <ClCompile Include="Source\Audio\Audio.cpp">
      <Filter>Source Files\Audio</Filter>
    </ClCompile>
    <ClCompile Include="Source\Engine\Nodes\Node.cpp">
      <Filter>Source Files\Engine\Nodes</Filter>
    </ClCompile>
    <ClCompile Include="Source\Engine\ScriptFunc.cpp">
      <Filter>Source Files\Engine</Filter>
    </ClCompile>
    <ClCompile Include="Source\Engine\Nodes\Widgets\Canvas.cpp">
      <Filter>Source Files\Engine\Nodes\Widgets</Filter>
    </ClCompile>
    <ClCompile Include="Source\Engine\Nodes\Widgets\CheckBox.cpp">
      <Filter>Source Files\Engine\Nodes\Widgets</Filter>
    </ClCompile>
    <ClCompile Include="Source\Engine\Nodes\Widgets\ComboBox.cpp">
      <Filter>Source Files\Engine\Nodes\Widgets</Filter>
    </ClCompile>
    <ClCompile Include="Source\Engine\Nodes\Widgets\Console.cpp">
      <Filter>Source Files\Engine\Nodes\Widgets</Filter>
    </ClCompile>
    <ClCompile Include="Source\Engine\Nodes\Widgets\ModalList.cpp">
      <Filter>Source Files\Engine\Nodes\Widgets</Filter>
    </ClCompile>
    <ClCompile Include="Source\Engine\Nodes\Widgets\Poly.cpp">
      <Filter>Source Files\Engine\Nodes\Widgets</Filter>
    </ClCompile>
    <ClCompile Include="Source\Engine\Nodes\Widgets\PolyRect.cpp">
      <Filter>Source Files\Engine\Nodes\Widgets</Filter>
    </ClCompile>
    <ClCompile Include="Source\Engine\Nodes\Widgets\Quad.cpp">
      <Filter>Source Files\Engine\Nodes\Widgets</Filter>
    </ClCompile>
    <ClCompile Include="Source\Engine\Nodes\Widgets\Selector.cpp">
      <Filter>Source Files\Engine\Nodes\Widgets</Filter>
    </ClCompile>
    <ClCompile Include="Source\Engine\Nodes\Widgets\StatsOverlay.cpp">
      <Filter>Source Files\Engine\Nodes\Widgets</Filter>
    </ClCompile>
    <ClCompile Include="Source\Engine\Nodes\Widgets\Text.cpp">
      <Filter>Source Files\Engine\Nodes\Widgets</Filter>
    </ClCompile>
    <ClCompile Include="Source\Engine\Nodes\Widgets\TextField.cpp">
      <Filter>Source Files\Engine\Nodes\Widgets</Filter>
    </ClCompile>
    <ClCompile Include="Source\Engine\Nodes\Widgets\VerticalList.cpp">
      <Filter>Source Files\Engine\Nodes\Widgets</Filter>
    </ClCompile>
    <ClCompile Include="Source\Engine\Nodes\Widgets\Widget.cpp">
      <Filter>Source Files\Engine\Nodes\Widgets</Filter>
    </ClCompile>
    <ClCompile Include="Source\Engine\Nodes\Widgets\ArrayWidget.cpp">
      <Filter>Source Files\Engine\Nodes\Widgets</Filter>
    </ClCompile>
    <ClCompile Include="Source\Engine\Nodes\Widgets\Button.cpp">
      <Filter>Source Files\Engine\Nodes\Widgets</Filter>
    </ClCompile>
    <ClCompile Include="Source\Engine\Nodes\3D\Audio3d.cpp">
      <Filter>Source Files\Engine\Nodes\3D</Filter>
    </ClCompile>
    <ClCompile Include="Source\Engine\Nodes\3D\Box3d.cpp">
      <Filter>Source Files\Engine\Nodes\3D</Filter>
    </ClCompile>
    <ClCompile Include="Source\Engine\Nodes\3D\Camera3d.cpp">
      <Filter>Source Files\Engine\Nodes\3D</Filter>
    </ClCompile>
    <ClCompile Include="Source\Engine\Nodes\3D\Capsule3d.cpp">
      <Filter>Source Files\Engine\Nodes\3D</Filter>
    </ClCompile>
    <ClCompile Include="Source\Engine\Nodes\3D\DirectionalLight3d.cpp">
      <Filter>Source Files\Engine\Nodes\3D</Filter>
    </ClCompile>
    <ClCompile Include="Source\Engine\Nodes\3D\Light3d.cpp">
      <Filter>Source Files\Engine\Nodes\3D</Filter>
    </ClCompile>
    <ClCompile Include="Source\Engine\Nodes\3D\Mesh3d.cpp">
      <Filter>Source Files\Engine\Nodes\3D</Filter>
    </ClCompile>
    <ClCompile Include="Source\Engine\Nodes\3D\Particle3d.cpp">
      <Filter>Source Files\Engine\Nodes\3D</Filter>
    </ClCompile>
    <ClCompile Include="Source\Engine\Nodes\3D\PointLight3d.cpp">
      <Filter>Source Files\Engine\Nodes\3D</Filter>
    </ClCompile>
    <ClCompile Include="Source\Engine\Nodes\3D\Primitive3d.cpp">
      <Filter>Source Files\Engine\Nodes\3D</Filter>
    </ClCompile>
    <ClCompile Include="Source\Engine\Nodes\3D\ShadowMesh3d.cpp">
      <Filter>Source Files\Engine\Nodes\3D</Filter>
    </ClCompile>
    <ClCompile Include="Source\Engine\Nodes\3D\SkeletalMesh3d.cpp">
      <Filter>Source Files\Engine\Nodes\3D</Filter>
    </ClCompile>
    <ClCompile Include="Source\Engine\Nodes\3D\Sphere3d.cpp">
      <Filter>Source Files\Engine\Nodes\3D</Filter>
    </ClCompile>
    <ClCompile Include="Source\Engine\Nodes\3D\StaticMesh3d.cpp">
      <Filter>Source Files\Engine\Nodes\3D</Filter>
    </ClCompile>
    <ClCompile Include="Source\Engine\Nodes\3D\TextMesh3d.cpp">
      <Filter>Source Files\Engine\Nodes\3D</Filter>
    </ClCompile>
    <ClCompile Include="Source\Engine\Nodes\3D\Node3d.cpp">
      <Filter>Source Files\Engine\Nodes\3D</Filter>
    </ClCompile>
    <ClCompile Include="Source\LuaBindings\Audio3d_Lua.cpp">
      <Filter>Source Files\LuaBindings</Filter>
    </ClCompile>
    <ClCompile Include="Source\LuaBindings\Box3d_Lua.cpp">
      <Filter>Source Files\LuaBindings</Filter>
    </ClCompile>
    <ClCompile Include="Source\LuaBindings\Camera3d_Lua.cpp">
      <Filter>Source Files\LuaBindings</Filter>
    </ClCompile>
    <ClCompile Include="Source\LuaBindings\Capsule3d_Lua.cpp">
      <Filter>Source Files\LuaBindings</Filter>
    </ClCompile>
    <ClCompile Include="Source\LuaBindings\Node_Lua.cpp">
      <Filter>Source Files\LuaBindings</Filter>
    </ClCompile>
    <ClCompile Include="Source\LuaBindings\NodeRef_Lua.cpp">
      <Filter>Source Files\LuaBindings</Filter>
    </ClCompile>
    <ClCompile Include="Source\LuaBindings\DirectionalLight3d_Lua.cpp">
      <Filter>Source Files\LuaBindings</Filter>
    </ClCompile>
    <ClCompile Include="Source\LuaBindings\Light3d_Lua.cpp">
      <Filter>Source Files\LuaBindings</Filter>
    </ClCompile>
    <ClCompile Include="Source\LuaBindings\Mesh3d_Lua.cpp">
      <Filter>Source Files\LuaBindings</Filter>
    </ClCompile>
    <ClCompile Include="Source\LuaBindings\Particle3d_Lua.cpp">
      <Filter>Source Files\LuaBindings</Filter>
    </ClCompile>
    <ClCompile Include="Source\LuaBindings\PointLight3d_Lua.cpp">
      <Filter>Source Files\LuaBindings</Filter>
    </ClCompile>
    <ClCompile Include="Source\LuaBindings\Primitive3d_Lua.cpp">
      <Filter>Source Files\LuaBindings</Filter>
    </ClCompile>
    <ClCompile Include="Source\LuaBindings\ShadowMesh3d_Lua.cpp">
      <Filter>Source Files\LuaBindings</Filter>
    </ClCompile>
    <ClCompile Include="Source\LuaBindings\SkeletalMesh3d_Lua.cpp">
      <Filter>Source Files\LuaBindings</Filter>
    </ClCompile>
    <ClCompile Include="Source\LuaBindings\StaticMesh3d_Lua.cpp">
      <Filter>Source Files\LuaBindings</Filter>
    </ClCompile>
    <ClCompile Include="Source\LuaBindings\TextMesh3d_Lua.cpp">
      <Filter>Source Files\LuaBindings</Filter>
    </ClCompile>
    <ClCompile Include="Source\LuaBindings\Node3d_Lua.cpp">
      <Filter>Source Files\LuaBindings</Filter>
    </ClCompile>
    <ClCompile Include="Source\LuaBindings\Sphere3d_Lua.cpp">
      <Filter>Source Files\LuaBindings</Filter>
    </ClCompile>
    <ClCompile Include="Source\Engine\Assets\Scene.cpp">
      <Filter>Source Files\Engine\Assets</Filter>
    </ClCompile>
    <ClCompile Include="Source\LuaBindings\Scene_Lua.cpp">
      <Filter>Source Files\LuaBindings</Filter>
    </ClCompile>
    <ClCompile Include="Source\Engine\Script.cpp">
      <Filter>Source Files\Engine</Filter>
    </ClCompile>
    <ClCompile Include="Source\Engine\Nodes\3D\TestSpinner.cpp">
      <Filter>Source Files\Engine\Nodes\3D</Filter>
    </ClCompile>
    <ClCompile Include="Source\Editor\EditorImgui.cpp">
      <Filter>Source Files\Editor</Filter>
    </ClCompile>
    <ClCompile Include="Source\Editor\Viewport2d.cpp">
      <Filter>Source Files\Editor</Filter>
    </ClCompile>
    <ClCompile Include="Source\Editor\Viewport3d.cpp">
      <Filter>Source Files\Editor</Filter>
    </ClCompile>
    <ClCompile Include="..\External\Imgui\imgui.cpp">
      <Filter>Source Files\Editor\Imgui</Filter>
    </ClCompile>
    <ClCompile Include="..\External\Imgui\imgui_demo.cpp">
      <Filter>Source Files\Editor\Imgui</Filter>
    </ClCompile>
    <ClCompile Include="..\External\Imgui\imgui_draw.cpp">
      <Filter>Source Files\Editor\Imgui</Filter>
    </ClCompile>
    <ClCompile Include="..\External\Imgui\imgui_tables.cpp">
      <Filter>Source Files\Editor\Imgui</Filter>
    </ClCompile>
    <ClCompile Include="..\External\Imgui\imgui_widgets.cpp">
      <Filter>Source Files\Editor\Imgui</Filter>
    </ClCompile>
    <ClCompile Include="..\External\Imgui\misc\cpp\imgui_stdlib.cpp">
      <Filter>Source Files\Editor\Imgui</Filter>
    </ClCompile>
    <ClCompile Include="Source\Editor\CustomImgui.cpp">
      <Filter>Source Files\Editor</Filter>
    </ClCompile>
    <ClCompile Include="Source\Engine\stb_implementation.cpp">
      <Filter>Source Files\Engine</Filter>
    </ClCompile>
    <ClCompile Include="Source\Engine\Assets\MaterialBase.cpp">
      <Filter>Source Files\Engine\Assets</Filter>
    </ClCompile>
    <ClCompile Include="Source\Engine\Assets\Material.cpp">
      <Filter>Source Files\Engine\Assets</Filter>
    </ClCompile>
    <ClCompile Include="Source\LuaBindings\MaterialLite_Lua.cpp">
      <Filter>Source Files\LuaBindings</Filter>
    </ClCompile>
    <ClCompile Include="Source\LuaBindings\MaterialBase_Lua.cpp">
      <Filter>Source Files\LuaBindings</Filter>
    </ClCompile>
    <ClCompile Include="Source\LuaBindings\Material_Lua.cpp">
      <Filter>Source Files\LuaBindings</Filter>
    </ClCompile>
    <ClCompile Include="Source\Engine\Assets\MaterialLite.cpp">
      <Filter>Source Files\Engine\Assets</Filter>
    </ClCompile>
    <ClCompile Include="Source\Graphics\Vulkan\Shader.cpp">
      <Filter>Source Files\Graphics\Vulkan</Filter>
    </ClCompile>
    <ClCompile Include="Source\Graphics\Vulkan\PipelineConfigs.cpp">
      <Filter>Source Files\Graphics\Vulkan</Filter>
    </ClCompile>
    <ClCompile Include="Source\Graphics\Vulkan\DescriptorPool.cpp">
      <Filter>Source Files\Graphics\Vulkan</Filter>
    </ClCompile>
    <ClCompile Include="Source\Graphics\Vulkan\DescriptorLayoutCache.cpp">
      <Filter>Source Files\Graphics\Vulkan</Filter>
    </ClCompile>
    <ClCompile Include="Source\Graphics\Vulkan\PipelineCache.cpp">
      <Filter>Source Files\Graphics\Vulkan</Filter>
    </ClCompile>
    <ClCompile Include="Source\Graphics\Vulkan\VulkanTypes.cpp">
      <Filter>Source Files\Graphics\Vulkan</Filter>
    </ClCompile>
    <ClCompile Include="Source\Graphics\Vulkan\VramAllocator.cpp">
      <Filter>Source Files\Graphics\Vulkan</Filter>
    </ClCompile>
    <ClCompile Include="Source\Graphics\Vulkan\RenderPassCache.cpp">
      <Filter>Source Files\Graphics\Vulkan</Filter>
    </ClCompile>
    <ClCompile Include="Source\Graphics\Vulkan\PostProcessChain.cpp">
      <Filter>Source Files\Graphics\Vulkan</Filter>
    </ClCompile>
    <ClCompile Include="Source\Graphics\Vulkan\PostProcess\BlurPass.cpp">
      <Filter>Source Files\Graphics\Vulkan\PostProcess</Filter>
    </ClCompile>
    <ClCompile Include="Source\Graphics\Vulkan\PostProcess\PostProcessPass.cpp">
      <Filter>Source Files\Graphics\Vulkan\PostProcess</Filter>
    </ClCompile>
    <ClCompile Include="Source\Graphics\Vulkan\PostProcess\TonemapPass.cpp">
      <Filter>Source Files\Graphics\Vulkan\PostProcess</Filter>
    </ClCompile>
    <ClCompile Include="Source\Network\NetPlatform.cpp">
      <Filter>Source Files\Network</Filter>
    </ClCompile>
    <ClCompile Include="Source\Network\NetPlatformEpic.cpp">
      <Filter>Source Files\Network</Filter>
    </ClCompile>
    <ClCompile Include="Source\Network\NetPlatformSteam.cpp">
      <Filter>Source Files\Network</Filter>
    </ClCompile>
    <ClCompile Include="Source\Editor\PaintManager.cpp">
      <Filter>Source Files\Editor</Filter>
    </ClCompile>
    <ClCompile Include="Source\Engine\Nodes\3D\InstancedMesh3d.cpp">
      <Filter>Source Files\Engine\Nodes\3D</Filter>
    </ClCompile>
    <ClCompile Include="Source\Audio\Dolphin\Audio_Dolphin.cpp">
      <Filter>Source Files\Audio\Dolphin</Filter>
    </ClCompile>
    <ClCompile Include="Source\Audio\3DS\Audio_3DS.cpp">
      <Filter>Source Files\Audio\3DS</Filter>
    </ClCompile>
    <ClCompile Include="Source\Graphics\GX\Graphics_GX.cpp">
      <Filter>Source Files\Graphics\GX</Filter>
    </ClCompile>
    <ClCompile Include="Source\Graphics\GX\GxUtils.cpp">
      <Filter>Source Files\Graphics\GX</Filter>
    </ClCompile>
    <ClCompile Include="Source\Graphics\C3D\C3dUtils.cpp">
      <Filter>Source Files\Graphics\C3D</Filter>
    </ClCompile>
    <ClCompile Include="Source\Graphics\C3D\DoubleBuffer.cpp">
      <Filter>Source Files\Graphics\C3D</Filter>
    </ClCompile>
    <ClCompile Include="Source\Graphics\C3D\Graphics_C3D.cpp">
      <Filter>Source Files\Graphics\C3D</Filter>
    </ClCompile>
    <ClCompile Include="Source\Input\Dolphin\Input_Dolphin.cpp">
      <Filter>Source Files\Input\Dolphin</Filter>
    </ClCompile>
    <ClCompile Include="Source\Input\3DS\Input_3DS.cpp">
      <Filter>Source Files\Input\3DS</Filter>
    </ClCompile>
    <ClCompile Include="Source\Network\Dolphin\Network_Dolphin.cpp">
      <Filter>Source Files\Network\Dolphin</Filter>
    </ClCompile>
    <ClCompile Include="Source\Network\3DS\Network_3DS.cpp">
      <Filter>Source Files\Network\3DS</Filter>
    </ClCompile>
    <ClCompile Include="Source\System\Dolphin\System_Dolphin.cpp">
      <Filter>Source Files\System\Dolphin</Filter>
    </ClCompile>
    <ClCompile Include="Source\System\3DS\System_3DS.cpp">
      <Filter>Source Files\System\3DS</Filter>
    </ClCompile>
    <ClCompile Include="Source\LuaBindings\InstancedMesh3d_Lua.cpp">
      <Filter>Source Files\LuaBindings</Filter>
    </ClCompile>
  </ItemGroup>
  <ItemGroup>
    <None Include="Shaders\src\ColorGeometry.frag">
      <Filter>Shaders</Filter>
    </None>
    <None Include="Shaders\src\Common.glsl">
      <Filter>Shaders</Filter>
    </None>
    <None Include="Shaders\src\Depth.frag">
      <Filter>Shaders</Filter>
    </None>
    <None Include="Shaders\src\Depth.vert">
      <Filter>Shaders</Filter>
    </None>
    <None Include="Shaders\src\Forward.frag">
      <Filter>Shaders</Filter>
    </None>
    <None Include="Shaders\src\Forward.vert">
      <Filter>Shaders</Filter>
    </None>
    <None Include="Shaders\src\HitCheck.frag">
      <Filter>Shaders</Filter>
    </None>
    <None Include="Shaders\src\Line.frag">
      <Filter>Shaders</Filter>
    </None>
    <None Include="Shaders\src\Line.vert">
      <Filter>Shaders</Filter>
    </None>
    <None Include="Shaders\src\NullPostProcess.frag">
      <Filter>Shaders</Filter>
    </None>
    <None Include="Shaders\src\Quad.frag">
      <Filter>Shaders</Filter>
    </None>
    <None Include="Shaders\src\Quad.vert">
      <Filter>Shaders</Filter>
    </None>
    <None Include="Shaders\src\ScreenRect.vert">
      <Filter>Shaders</Filter>
    </None>
    <None Include="Shaders\src\SelectedGeometry.frag">
      <Filter>Shaders</Filter>
    </None>
    <None Include="Shaders\src\ShadowDepth.vert">
      <Filter>Shaders</Filter>
    </None>
    <None Include="Shaders\src\Text.frag">
      <Filter>Shaders</Filter>
    </None>
    <None Include="Shaders\src\Text.vert">
      <Filter>Shaders</Filter>
    </None>
    <None Include="Shaders\src\Tonemap.frag">
      <Filter>Shaders</Filter>
    </None>
  </ItemGroup>
  <ItemGroup>
    <ClInclude Include="Source\Audio\AudioConstants.h">
      <Filter>Source Files\Audio</Filter>
    </ClInclude>
    <ClInclude Include="Source\Audio\AudioTypes.h">
      <Filter>Source Files\Audio</Filter>
    </ClInclude>
    <ClInclude Include="Source\Audio\Audio.h">
      <Filter>Source Files\Audio</Filter>
    </ClInclude>
    <ClInclude Include="Source\Editor\InputManager.h">
      <Filter>Source Files\Editor</Filter>
    </ClInclude>
    <ClInclude Include="Source\Editor\ActionManager.h">
      <Filter>Source Files\Editor</Filter>
    </ClInclude>
    <ClInclude Include="Source\Editor\EditorConstants.h">
      <Filter>Source Files\Editor</Filter>
    </ClInclude>
    <ClInclude Include="Source\Editor\EditorState.h">
      <Filter>Source Files\Editor</Filter>
    </ClInclude>
    <ClInclude Include="Source\Editor\EditorTypes.h">
      <Filter>Source Files\Editor</Filter>
    </ClInclude>
    <ClInclude Include="Source\Editor\Grid.h">
      <Filter>Source Files\Editor</Filter>
    </ClInclude>
    <ClInclude Include="Source\Engine\Assets\ParticleSystem.h">
      <Filter>Source Files\Engine\Assets</Filter>
    </ClInclude>
    <ClInclude Include="Source\Engine\Assets\ParticleSystemInstance.h">
      <Filter>Source Files\Engine\Assets</Filter>
    </ClInclude>
    <ClInclude Include="Source\Engine\Assets\SkeletalMesh.h">
      <Filter>Source Files\Engine\Assets</Filter>
    </ClInclude>
    <ClInclude Include="Source\Engine\Assets\SoundWave.h">
      <Filter>Source Files\Engine\Assets</Filter>
    </ClInclude>
    <ClInclude Include="Source\Engine\Assets\StaticMesh.h">
      <Filter>Source Files\Engine\Assets</Filter>
    </ClInclude>
    <ClInclude Include="Source\Engine\Assets\Texture.h">
      <Filter>Source Files\Engine\Assets</Filter>
    </ClInclude>
    <ClInclude Include="Source\Engine\Assets\Font.h">
      <Filter>Source Files\Engine\Assets</Filter>
    </ClInclude>
    <ClInclude Include="Source\Engine\Nodes\Node.h">
      <Filter>Source Files\Engine\Nodes</Filter>
    </ClInclude>
    <ClInclude Include="Source\Engine\Nodes\Widgets\ComboBox.h">
      <Filter>Source Files\Engine\Nodes\Widgets</Filter>
    </ClInclude>
    <ClInclude Include="Source\Engine\Nodes\Widgets\Console.h">
      <Filter>Source Files\Engine\Nodes\Widgets</Filter>
    </ClInclude>
    <ClInclude Include="Source\Engine\Nodes\Widgets\ModalList.h">
      <Filter>Source Files\Engine\Nodes\Widgets</Filter>
    </ClInclude>
    <ClInclude Include="Source\Engine\Nodes\Widgets\Poly.h">
      <Filter>Source Files\Engine\Nodes\Widgets</Filter>
    </ClInclude>
    <ClInclude Include="Source\Engine\Nodes\Widgets\PolyRect.h">
      <Filter>Source Files\Engine\Nodes\Widgets</Filter>
    </ClInclude>
    <ClInclude Include="Source\Engine\Nodes\Widgets\Quad.h">
      <Filter>Source Files\Engine\Nodes\Widgets</Filter>
    </ClInclude>
    <ClInclude Include="Source\Engine\Nodes\Widgets\Selector.h">
      <Filter>Source Files\Engine\Nodes\Widgets</Filter>
    </ClInclude>
    <ClInclude Include="Source\Engine\Nodes\Widgets\StatsOverlay.h">
      <Filter>Source Files\Engine\Nodes\Widgets</Filter>
    </ClInclude>
    <ClInclude Include="Source\Engine\Nodes\Widgets\Text.h">
      <Filter>Source Files\Engine\Nodes\Widgets</Filter>
    </ClInclude>
    <ClInclude Include="Source\Engine\Nodes\Widgets\TextField.h">
      <Filter>Source Files\Engine\Nodes\Widgets</Filter>
    </ClInclude>
    <ClInclude Include="Source\Engine\Nodes\Widgets\VerticalList.h">
      <Filter>Source Files\Engine\Nodes\Widgets</Filter>
    </ClInclude>
    <ClInclude Include="Source\Engine\Nodes\Widgets\Widget.h">
      <Filter>Source Files\Engine\Nodes\Widgets</Filter>
    </ClInclude>
    <ClInclude Include="Source\Engine\Nodes\Widgets\ArrayWidget.h">
      <Filter>Source Files\Engine\Nodes\Widgets</Filter>
    </ClInclude>
    <ClInclude Include="Source\Engine\Nodes\Widgets\Button.h">
      <Filter>Source Files\Engine\Nodes\Widgets</Filter>
    </ClInclude>
    <ClInclude Include="Source\Engine\Nodes\Widgets\Canvas.h">
      <Filter>Source Files\Engine\Nodes\Widgets</Filter>
    </ClInclude>
    <ClInclude Include="Source\Engine\Nodes\Widgets\CheckBox.h">
      <Filter>Source Files\Engine\Nodes\Widgets</Filter>
    </ClInclude>
    <ClInclude Include="Source\Engine\TableDatum.h">
      <Filter>Source Files\Engine</Filter>
    </ClInclude>
    <ClInclude Include="Source\Engine\TimerManager.h">
      <Filter>Source Files\Engine</Filter>
    </ClInclude>
    <ClInclude Include="Source\Engine\Utilities.h">
      <Filter>Source Files\Engine</Filter>
    </ClInclude>
    <ClInclude Include="Source\Engine\Vertex.h">
      <Filter>Source Files\Engine</Filter>
    </ClInclude>
    <ClInclude Include="Source\Engine\World.h">
      <Filter>Source Files\Engine</Filter>
    </ClInclude>
    <ClInclude Include="Source\Engine\Assertion.h">
      <Filter>Source Files\Engine</Filter>
    </ClInclude>
    <ClInclude Include="Source\Engine\Asset.h">
      <Filter>Source Files\Engine</Filter>
    </ClInclude>
    <ClInclude Include="Source\Engine\AssetDir.h">
      <Filter>Source Files\Engine</Filter>
    </ClInclude>
    <ClInclude Include="Source\Engine\AssetManager.h">
      <Filter>Source Files\Engine</Filter>
    </ClInclude>
    <ClInclude Include="Source\Engine\AssetRef.h">
      <Filter>Source Files\Engine</Filter>
    </ClInclude>
    <ClInclude Include="Source\Engine\AudioManager.h">
      <Filter>Source Files\Engine</Filter>
    </ClInclude>
    <ClInclude Include="Source\Engine\CameraFrustum.h">
      <Filter>Source Files\Engine</Filter>
    </ClInclude>
    <ClInclude Include="Source\Engine\Clock.h">
      <Filter>Source Files\Engine</Filter>
    </ClInclude>
    <ClInclude Include="Source\Engine\Constants.h">
      <Filter>Source Files\Engine</Filter>
    </ClInclude>
    <ClInclude Include="Source\Engine\Datum.h">
      <Filter>Source Files\Engine</Filter>
    </ClInclude>
    <ClInclude Include="Source\Engine\EmbeddedFile.h">
      <Filter>Source Files\Engine</Filter>
    </ClInclude>
    <ClInclude Include="Source\Engine\Engine.h">
      <Filter>Source Files\Engine</Filter>
    </ClInclude>
    <ClInclude Include="Source\Engine\EngineTypes.h">
      <Filter>Source Files\Engine</Filter>
    </ClInclude>
    <ClInclude Include="Source\Engine\Enums.h">
      <Filter>Source Files\Engine</Filter>
    </ClInclude>
    <ClInclude Include="Source\Engine\Factory.h">
      <Filter>Source Files\Engine</Filter>
    </ClInclude>
    <ClInclude Include="Source\Engine\InputDevices.h">
      <Filter>Source Files\Engine</Filter>
    </ClInclude>
    <ClInclude Include="Source\Engine\Line.h">
      <Filter>Source Files\Engine</Filter>
    </ClInclude>
    <ClInclude Include="Source\Engine\Log.h">
      <Filter>Source Files\Engine</Filter>
    </ClInclude>
    <ClInclude Include="Source\Engine\Maths.h">
      <Filter>Source Files\Engine</Filter>
    </ClInclude>
    <ClInclude Include="Source\Engine\NetDatum.h">
      <Filter>Source Files\Engine</Filter>
    </ClInclude>
    <ClInclude Include="Source\Engine\NetFunc.h">
      <Filter>Source Files\Engine</Filter>
    </ClInclude>
    <ClInclude Include="Source\Engine\NetMsg.h">
      <Filter>Source Files\Engine</Filter>
    </ClInclude>
    <ClInclude Include="Source\Engine\NetworkManager.h">
      <Filter>Source Files\Engine</Filter>
    </ClInclude>
    <ClInclude Include="Source\Engine\Profiler.h">
      <Filter>Source Files\Engine</Filter>
    </ClInclude>
    <ClInclude Include="Source\Engine\Property.h">
      <Filter>Source Files\Engine</Filter>
    </ClInclude>
    <ClInclude Include="Source\Engine\Rect.h">
      <Filter>Source Files\Engine</Filter>
    </ClInclude>
    <ClInclude Include="Source\Engine\Renderer.h">
      <Filter>Source Files\Engine</Filter>
    </ClInclude>
    <ClInclude Include="Source\Engine\RTTI.h">
      <Filter>Source Files\Engine</Filter>
    </ClInclude>
    <ClInclude Include="Source\Engine\ScriptAutoReg.h">
      <Filter>Source Files\Engine</Filter>
    </ClInclude>
    <ClInclude Include="Source\Engine\ScriptFunc.h">
      <Filter>Source Files\Engine</Filter>
    </ClInclude>
    <ClInclude Include="Source\Engine\ScriptMacros.h">
      <Filter>Source Files\Engine</Filter>
    </ClInclude>
    <ClInclude Include="Source\Engine\ScriptUtils.h">
      <Filter>Source Files\Engine</Filter>
    </ClInclude>
    <ClInclude Include="Source\Engine\Stream.h">
      <Filter>Source Files\Engine</Filter>
    </ClInclude>
    <ClInclude Include="Source\Graphics\GraphicsConstants.h">
      <Filter>Source Files\Graphics</Filter>
    </ClInclude>
    <ClInclude Include="Source\Graphics\GraphicsTypes.h">
      <Filter>Source Files\Graphics</Filter>
    </ClInclude>
    <ClInclude Include="Source\Graphics\GraphicsUtils.h">
      <Filter>Source Files\Graphics</Filter>
    </ClInclude>
    <ClInclude Include="Source\Graphics\Graphics.h">
      <Filter>Source Files\Graphics</Filter>
    </ClInclude>
    <ClInclude Include="Source\Graphics\Vulkan\VulkanConstants.h">
      <Filter>Source Files\Graphics\Vulkan</Filter>
    </ClInclude>
    <ClInclude Include="Source\Graphics\Vulkan\VulkanContext.h">
      <Filter>Source Files\Graphics\Vulkan</Filter>
    </ClInclude>
    <ClInclude Include="Source\Graphics\Vulkan\VulkanTypes.h">
      <Filter>Source Files\Graphics\Vulkan</Filter>
    </ClInclude>
    <ClInclude Include="Source\Graphics\Vulkan\VulkanUtils.h">
      <Filter>Source Files\Graphics\Vulkan</Filter>
    </ClInclude>
    <ClInclude Include="Source\Graphics\Vulkan\Buffer.h">
      <Filter>Source Files\Graphics\Vulkan</Filter>
    </ClInclude>
    <ClInclude Include="Source\Graphics\Vulkan\DescriptorSet.h">
      <Filter>Source Files\Graphics\Vulkan</Filter>
    </ClInclude>
    <ClInclude Include="Source\Graphics\Vulkan\DestroyQueue.h">
      <Filter>Source Files\Graphics\Vulkan</Filter>
    </ClInclude>
    <ClInclude Include="Source\Graphics\Vulkan\Image.h">
      <Filter>Source Files\Graphics\Vulkan</Filter>
    </ClInclude>
    <ClInclude Include="Source\Graphics\Vulkan\MaterialPipelineCache.h">
      <Filter>Source Files\Graphics\Vulkan</Filter>
    </ClInclude>
    <ClInclude Include="Source\Graphics\Vulkan\MultiBuffer.h">
      <Filter>Source Files\Graphics\Vulkan</Filter>
    </ClInclude>
    <ClInclude Include="Source\Graphics\Vulkan\Pipeline.h">
      <Filter>Source Files\Graphics\Vulkan</Filter>
    </ClInclude>
    <ClInclude Include="Source\Graphics\Vulkan\PipelineConfigs.h">
      <Filter>Source Files\Graphics\Vulkan</Filter>
    </ClInclude>
    <ClInclude Include="Source\Graphics\Vulkan\RayTracer.h">
      <Filter>Source Files\Graphics\Vulkan</Filter>
    </ClInclude>
    <ClInclude Include="Source\Input\InputTypes.h">
      <Filter>Source Files\Input</Filter>
    </ClInclude>
    <ClInclude Include="Source\Input\InputUtils.h">
      <Filter>Source Files\Input</Filter>
    </ClInclude>
    <ClInclude Include="Source\Input\Input.h">
      <Filter>Source Files\Input</Filter>
    </ClInclude>
    <ClInclude Include="Source\Input\InputConstants.h">
      <Filter>Source Files\Input</Filter>
    </ClInclude>
    <ClInclude Include="Source\LuaBindings\VerticalList_Lua.h">
      <Filter>Source Files\LuaBindings</Filter>
    </ClInclude>
    <ClInclude Include="Source\LuaBindings\Widget_Lua.h">
      <Filter>Source Files\LuaBindings</Filter>
    </ClInclude>
    <ClInclude Include="Source\LuaBindings\World_Lua.h">
      <Filter>Source Files\LuaBindings</Filter>
    </ClInclude>
    <ClInclude Include="Source\LuaBindings\Asset_Lua.h">
      <Filter>Source Files\LuaBindings</Filter>
    </ClInclude>
    <ClInclude Include="Source\LuaBindings\AssetManager_Lua.h">
      <Filter>Source Files\LuaBindings</Filter>
    </ClInclude>
    <ClInclude Include="Source\LuaBindings\Audio_Lua.h">
      <Filter>Source Files\LuaBindings</Filter>
    </ClInclude>
    <ClInclude Include="Source\LuaBindings\Button_Lua.h">
      <Filter>Source Files\LuaBindings</Filter>
    </ClInclude>
    <ClInclude Include="Source\LuaBindings\Canvas_Lua.h">
      <Filter>Source Files\LuaBindings</Filter>
    </ClInclude>
    <ClInclude Include="Source\LuaBindings\CheckBox_Lua.h">
      <Filter>Source Files\LuaBindings</Filter>
    </ClInclude>
    <ClInclude Include="Source\LuaBindings\ComboBox_Lua.h">
      <Filter>Source Files\LuaBindings</Filter>
    </ClInclude>
    <ClInclude Include="Source\LuaBindings\Engine_Lua.h">
      <Filter>Source Files\LuaBindings</Filter>
    </ClInclude>
    <ClInclude Include="Source\LuaBindings\Font_Lua.h">
      <Filter>Source Files\LuaBindings</Filter>
    </ClInclude>
    <ClInclude Include="Source\LuaBindings\Input_Lua.h">
      <Filter>Source Files\LuaBindings</Filter>
    </ClInclude>
    <ClInclude Include="Source\LuaBindings\Log_Lua.h">
      <Filter>Source Files\LuaBindings</Filter>
    </ClInclude>
    <ClInclude Include="Source\LuaBindings\LuaTypeCheck.h">
      <Filter>Source Files\LuaBindings</Filter>
    </ClInclude>
    <ClInclude Include="Source\LuaBindings\LuaUtils.h">
      <Filter>Source Files\LuaBindings</Filter>
    </ClInclude>
    <ClInclude Include="Source\LuaBindings\MaterialInstance_Lua.h">
      <Filter>Source Files\LuaBindings</Filter>
    </ClInclude>
    <ClInclude Include="Source\LuaBindings\Maths_Lua.h">
      <Filter>Source Files\LuaBindings</Filter>
    </ClInclude>
    <ClInclude Include="Source\LuaBindings\Misc_Lua.h">
      <Filter>Source Files\LuaBindings</Filter>
    </ClInclude>
    <ClInclude Include="Source\LuaBindings\Network_Lua.h">
      <Filter>Source Files\LuaBindings</Filter>
    </ClInclude>
    <ClInclude Include="Source\LuaBindings\ParticleSystem_Lua.h">
      <Filter>Source Files\LuaBindings</Filter>
    </ClInclude>
    <ClInclude Include="Source\LuaBindings\ParticleSystemInstance_Lua.h">
      <Filter>Source Files\LuaBindings</Filter>
    </ClInclude>
    <ClInclude Include="Source\LuaBindings\Poly_Lua.h">
      <Filter>Source Files\LuaBindings</Filter>
    </ClInclude>
    <ClInclude Include="Source\LuaBindings\PolyRect_Lua.h">
      <Filter>Source Files\LuaBindings</Filter>
    </ClInclude>
    <ClInclude Include="Source\LuaBindings\Quad_Lua.h">
      <Filter>Source Files\LuaBindings</Filter>
    </ClInclude>
    <ClInclude Include="Source\LuaBindings\Rect_Lua.h">
      <Filter>Source Files\LuaBindings</Filter>
    </ClInclude>
    <ClInclude Include="Source\LuaBindings\Renderer_Lua.h">
      <Filter>Source Files\LuaBindings</Filter>
    </ClInclude>
    <ClInclude Include="Source\LuaBindings\Script_Lua.h">
      <Filter>Source Files\LuaBindings</Filter>
    </ClInclude>
    <ClInclude Include="Source\LuaBindings\Selector_Lua.h">
      <Filter>Source Files\LuaBindings</Filter>
    </ClInclude>
    <ClInclude Include="Source\LuaBindings\SkeletalMesh_Lua.h">
      <Filter>Source Files\LuaBindings</Filter>
    </ClInclude>
    <ClInclude Include="Source\LuaBindings\SoundWave_Lua.h">
      <Filter>Source Files\LuaBindings</Filter>
    </ClInclude>
    <ClInclude Include="Source\LuaBindings\StaticMesh_Lua.h">
      <Filter>Source Files\LuaBindings</Filter>
    </ClInclude>
    <ClInclude Include="Source\LuaBindings\Stream_Lua.h">
      <Filter>Source Files\LuaBindings</Filter>
    </ClInclude>
    <ClInclude Include="Source\LuaBindings\System_Lua.h">
      <Filter>Source Files\LuaBindings</Filter>
    </ClInclude>
    <ClInclude Include="Source\LuaBindings\Text_Lua.h">
      <Filter>Source Files\LuaBindings</Filter>
    </ClInclude>
    <ClInclude Include="Source\LuaBindings\TextField_Lua.h">
      <Filter>Source Files\LuaBindings</Filter>
    </ClInclude>
    <ClInclude Include="Source\LuaBindings\Texture_Lua.h">
      <Filter>Source Files\LuaBindings</Filter>
    </ClInclude>
    <ClInclude Include="Source\LuaBindings\TimerManager_Lua.h">
      <Filter>Source Files\LuaBindings</Filter>
    </ClInclude>
    <ClInclude Include="Source\LuaBindings\Vector_Lua.h">
      <Filter>Source Files\LuaBindings</Filter>
    </ClInclude>
    <ClInclude Include="Source\Network\NetworkTypes.h">
      <Filter>Source Files\Network</Filter>
    </ClInclude>
    <ClInclude Include="Source\Network\Network.h">
      <Filter>Source Files\Network</Filter>
    </ClInclude>
    <ClInclude Include="Source\Network\NetworkConstants.h">
      <Filter>Source Files\Network</Filter>
    </ClInclude>
    <ClInclude Include="Source\System\SystemConstants.h">
      <Filter>Source Files\System</Filter>
    </ClInclude>
    <ClInclude Include="Source\System\SystemTypes.h">
      <Filter>Source Files\System</Filter>
    </ClInclude>
    <ClInclude Include="Source\System\System.h">
      <Filter>Source Files\System</Filter>
    </ClInclude>
    <ClInclude Include="Source\ObjectRef.h">
      <Filter>Source Files\Engine</Filter>
    </ClInclude>
    <ClInclude Include="Source\Engine\Nodes\3D\Audio3d.h">
      <Filter>Source Files\Engine\Nodes\3D</Filter>
    </ClInclude>
    <ClInclude Include="Source\Engine\Nodes\3D\Box3d.h">
      <Filter>Source Files\Engine\Nodes\3D</Filter>
    </ClInclude>
    <ClInclude Include="Source\Engine\Nodes\3D\Camera3d.h">
      <Filter>Source Files\Engine\Nodes\3D</Filter>
    </ClInclude>
    <ClInclude Include="Source\Engine\Nodes\3D\Capsule3d.h">
      <Filter>Source Files\Engine\Nodes\3D</Filter>
    </ClInclude>
    <ClInclude Include="Source\Engine\Nodes\3D\DirectionalLight3d.h">
      <Filter>Source Files\Engine\Nodes\3D</Filter>
    </ClInclude>
    <ClInclude Include="Source\Engine\Nodes\3D\Light3d.h">
      <Filter>Source Files\Engine\Nodes\3D</Filter>
    </ClInclude>
    <ClInclude Include="Source\Engine\Nodes\3D\Mesh3d.h">
      <Filter>Source Files\Engine\Nodes\3D</Filter>
    </ClInclude>
    <ClInclude Include="Source\Engine\Nodes\3D\Particle3d.h">
      <Filter>Source Files\Engine\Nodes\3D</Filter>
    </ClInclude>
    <ClInclude Include="Source\Engine\Nodes\3D\PointLight3d.h">
      <Filter>Source Files\Engine\Nodes\3D</Filter>
    </ClInclude>
    <ClInclude Include="Source\Engine\Nodes\3D\Primitive3d.h">
      <Filter>Source Files\Engine\Nodes\3D</Filter>
    </ClInclude>
    <ClInclude Include="Source\Engine\Nodes\3D\ShadowMesh3d.h">
      <Filter>Source Files\Engine\Nodes\3D</Filter>
    </ClInclude>
    <ClInclude Include="Source\Engine\Nodes\3D\SkeletalMesh3d.h">
      <Filter>Source Files\Engine\Nodes\3D</Filter>
    </ClInclude>
    <ClInclude Include="Source\Engine\Nodes\3D\Sphere3d.h">
      <Filter>Source Files\Engine\Nodes\3D</Filter>
    </ClInclude>
    <ClInclude Include="Source\Engine\Nodes\3D\StaticMesh3d.h">
      <Filter>Source Files\Engine\Nodes\3D</Filter>
    </ClInclude>
    <ClInclude Include="Source\Engine\Nodes\3D\TextMesh3d.h">
      <Filter>Source Files\Engine\Nodes\3D</Filter>
    </ClInclude>
    <ClInclude Include="Source\Engine\Nodes\3D\Node3d.h">
      <Filter>Source Files\Engine\Nodes\3D</Filter>
    </ClInclude>
    <ClInclude Include="Source\LuaBindings\Audio3d_Lua.h">
      <Filter>Source Files\LuaBindings</Filter>
    </ClInclude>
    <ClInclude Include="Source\LuaBindings\Box3d_Lua.h">
      <Filter>Source Files\LuaBindings</Filter>
    </ClInclude>
    <ClInclude Include="Source\LuaBindings\Camera3d_Lua.h">
      <Filter>Source Files\LuaBindings</Filter>
    </ClInclude>
    <ClInclude Include="Source\LuaBindings\Capsule3d_Lua.h">
      <Filter>Source Files\LuaBindings</Filter>
    </ClInclude>
    <ClInclude Include="Source\LuaBindings\Node_Lua.h">
      <Filter>Source Files\LuaBindings</Filter>
    </ClInclude>
    <ClInclude Include="Source\LuaBindings\NodeRef_Lua.h">
      <Filter>Source Files\LuaBindings</Filter>
    </ClInclude>
    <ClInclude Include="Source\LuaBindings\DirectionalLight3d_Lua.h">
      <Filter>Source Files\LuaBindings</Filter>
    </ClInclude>
    <ClInclude Include="Source\LuaBindings\Light3d_Lua.h">
      <Filter>Source Files\LuaBindings</Filter>
    </ClInclude>
    <ClInclude Include="Source\LuaBindings\Mesh3d_Lua.h">
      <Filter>Source Files\LuaBindings</Filter>
    </ClInclude>
    <ClInclude Include="Source\LuaBindings\Particle3d_Lua.h">
      <Filter>Source Files\LuaBindings</Filter>
    </ClInclude>
    <ClInclude Include="Source\LuaBindings\PointLight3d_Lua.h">
      <Filter>Source Files\LuaBindings</Filter>
    </ClInclude>
    <ClInclude Include="Source\LuaBindings\Primitive3d_Lua.h">
      <Filter>Source Files\LuaBindings</Filter>
    </ClInclude>
    <ClInclude Include="Source\LuaBindings\ShadowMesh3d_Lua.h">
      <Filter>Source Files\LuaBindings</Filter>
    </ClInclude>
    <ClInclude Include="Source\LuaBindings\SkeletalMesh3d_Lua.h">
      <Filter>Source Files\LuaBindings</Filter>
    </ClInclude>
    <ClInclude Include="Source\LuaBindings\StaticMesh3d_Lua.h">
      <Filter>Source Files\LuaBindings</Filter>
    </ClInclude>
    <ClInclude Include="Source\LuaBindings\TextMesh3d_Lua.h">
      <Filter>Source Files\LuaBindings</Filter>
    </ClInclude>
    <ClInclude Include="Source\LuaBindings\Node3d_Lua.h">
      <Filter>Source Files\LuaBindings</Filter>
    </ClInclude>
    <ClInclude Include="Source\LuaBindings\Sphere3d_Lua.h">
      <Filter>Source Files\LuaBindings</Filter>
    </ClInclude>
    <ClInclude Include="Source\Engine\Assets\Scene.h">
      <Filter>Source Files\Engine\Assets</Filter>
    </ClInclude>
    <ClInclude Include="Source\LuaBindings\Scene_Lua.h">
      <Filter>Source Files\LuaBindings</Filter>
    </ClInclude>
    <ClInclude Include="Source\Engine\Script.h">
      <Filter>Source Files\Engine</Filter>
    </ClInclude>
    <ClInclude Include="Source\Engine\Nodes\3D\TestSpinner.h">
      <Filter>Source Files\Engine\Nodes\3D</Filter>
    </ClInclude>
    <ClInclude Include="Source\Editor\EditorImgui.h">
      <Filter>Source Files\Editor</Filter>
    </ClInclude>
    <ClInclude Include="Source\Editor\EditorUtils.h">
      <Filter>Source Files\Graphics</Filter>
    </ClInclude>
    <ClInclude Include="Source\Editor\Viewport2d.h">
      <Filter>Source Files\Editor</Filter>
    </ClInclude>
    <ClInclude Include="Source\Editor\Viewport3d.h">
      <Filter>Source Files\Editor</Filter>
    </ClInclude>
    <ClInclude Include="Source\Editor\CustomImgui.h">
      <Filter>Source Files\Editor</Filter>
    </ClInclude>
    <ClInclude Include="Source\Engine\Assets\MaterialBase.h">
      <Filter>Source Files\Engine\Assets</Filter>
    </ClInclude>
    <ClInclude Include="Source\Engine\Assets\MaterialInstance.h">
      <Filter>Source Files\Engine\Assets</Filter>
    </ClInclude>
    <ClInclude Include="Source\Engine\Assets\Material.h">
      <Filter>Source Files\Engine\Assets</Filter>
    </ClInclude>
    <ClInclude Include="Source\LuaBindings\MaterialLite_Lua.h">
      <Filter>Source Files\LuaBindings</Filter>
    </ClInclude>
    <ClInclude Include="Source\LuaBindings\MaterialBase_Lua.h">
      <Filter>Source Files\LuaBindings</Filter>
    </ClInclude>
    <ClInclude Include="Source\LuaBindings\Material_Lua.h">
      <Filter>Source Files\LuaBindings</Filter>
    </ClInclude>
    <ClInclude Include="Source\Engine\Assets\MaterialLite.h">
      <Filter>Source Files\Engine\Assets</Filter>
    </ClInclude>
    <ClInclude Include="Source\Graphics\Vulkan\Shader.h">
      <Filter>Source Files\Graphics\Vulkan</Filter>
    </ClInclude>
    <ClInclude Include="Source\Graphics\Vulkan\DescriptorPool.h">
      <Filter>Source Files\Graphics\Vulkan</Filter>
    </ClInclude>
    <ClInclude Include="Source\Graphics\Vulkan\DescriptorLayoutCache.h">
      <Filter>Source Files\Graphics\Vulkan</Filter>
    </ClInclude>
    <ClInclude Include="Source\Graphics\Vulkan\PipelineCache.h">
      <Filter>Source Files\Graphics\Vulkan</Filter>
    </ClInclude>
    <ClInclude Include="Source\Graphics\Vulkan\VramAllocator.h">
      <Filter>Source Files\Graphics\Vulkan</Filter>
    </ClInclude>
    <ClInclude Include="Source\Graphics\Vulkan\RenderPassCache.h">
      <Filter>Source Files\Graphics\Vulkan</Filter>
    </ClInclude>
    <ClInclude Include="Source\Graphics\Vulkan\PostProcessChain.h">
      <Filter>Source Files\Graphics\Vulkan</Filter>
    </ClInclude>
    <ClInclude Include="Source\Graphics\Vulkan\PostProcess\BlurPass.h">
      <Filter>Source Files\Graphics\Vulkan\PostProcess</Filter>
    </ClInclude>
    <ClInclude Include="Source\Graphics\Vulkan\PostProcess\PostProcessPass.h">
      <Filter>Source Files\Graphics\Vulkan\PostProcess</Filter>
    </ClInclude>
    <ClInclude Include="Source\Graphics\Vulkan\PostProcess\TonemapPass.h">
      <Filter>Source Files\Graphics\Vulkan\PostProcess</Filter>
    </ClInclude>
    <ClInclude Include="Source\Network\NetPlatform.h">
      <Filter>Source Files\Network</Filter>
    </ClInclude>
    <ClInclude Include="Source\Network\NetSession.h">
      <Filter>Source Files\Network</Filter>
    </ClInclude>
    <ClInclude Include="Source\Network\NetPlatformEpic.h">
      <Filter>Source Files\Network</Filter>
    </ClInclude>
    <ClInclude Include="Source\Network\NetPlatformSteam.h">
      <Filter>Source Files\Network</Filter>
    </ClInclude>
    <ClInclude Include="Source\Editor\PaintManager.h">
      <Filter>Source Files\Editor</Filter>
    </ClInclude>
    <ClInclude Include="Source\Engine\Nodes\3D\InstancedMesh3d.h">
      <Filter>Source Files\Engine\Nodes\3D</Filter>
    </ClInclude>
    <ClInclude Include="Source\Graphics\GX\GxTypes.h">
      <Filter>Source Files\Graphics\GX</Filter>
    </ClInclude>
    <ClInclude Include="Source\Graphics\GX\GxUtils.h">
      <Filter>Source Files\Graphics\GX</Filter>
    </ClInclude>
    <ClInclude Include="Source\Graphics\C3D\C3dTypes.h">
      <Filter>Source Files\Graphics\C3D</Filter>
    </ClInclude>
    <ClInclude Include="Source\Graphics\C3D\C3dUtils.h">
      <Filter>Source Files\Graphics\C3D</Filter>
    </ClInclude>
    <ClInclude Include="Source\Graphics\C3D\DoubleBuffer.h">
      <Filter>Source Files\Graphics\C3D</Filter>
    </ClInclude>
    <ClInclude Include="Source\LuaBindings\InstancedMesh3d_Lua.h">
      <Filter>Source Files\LuaBindings</Filter>
    </ClInclude>
  </ItemGroup>
</Project>